// !$*UTF8*$!
{
	archiveVersion = 1;
	classes = {
	};
	objectVersion = 46;
	objects = {

/* Begin PBXBuildFile section */
		408CC42810B9480D918B020E /* libPods.a in Frameworks */ = {isa = PBXBuildFile; fileRef = B52AF8C77EDD4244ACFF7EC3 /* libPods.a */; };
		A502276E19C0913E005B31D2 /* PRModel.xcdatamodeld in Sources */ = {isa = PBXBuildFile; fileRef = A502276C19C0913E005B31D2 /* PRModel.xcdatamodeld */; };
		A502278A19C09B22005B31D2 /* PRAnswerOption.m in Sources */ = {isa = PBXBuildFile; fileRef = A502277219C09B22005B31D2 /* PRAnswerOption.m */; };
		A502278B19C09B22005B31D2 /* PRConcern.m in Sources */ = {isa = PBXBuildFile; fileRef = A502277419C09B22005B31D2 /* PRConcern.m */; };
		A502278C19C09B22005B31D2 /* PRNote.m in Sources */ = {isa = PBXBuildFile; fileRef = A502277619C09B22005B31D2 /* PRNote.m */; };
		A502278D19C09B22005B31D2 /* PRQuestion.m in Sources */ = {isa = PBXBuildFile; fileRef = A502277819C09B22005B31D2 /* PRQuestion.m */; };
		A502278E19C09B22005B31D2 /* PRRecord.m in Sources */ = {isa = PBXBuildFile; fileRef = A502277A19C09B22005B31D2 /* PRRecord.m */; };
		A502278F19C09B22005B31D2 /* PRWard.m in Sources */ = {isa = PBXBuildFile; fileRef = A502277C19C09B22005B31D2 /* PRWard.m */; };
		A502279019C09B22005B31D2 /* _PRAnswerOption.m in Sources */ = {isa = PBXBuildFile; fileRef = A502277F19C09B22005B31D2 /* _PRAnswerOption.m */; };
		A502279119C09B22005B31D2 /* _PRConcern.m in Sources */ = {isa = PBXBuildFile; fileRef = A502278119C09B22005B31D2 /* _PRConcern.m */; };
		A502279219C09B22005B31D2 /* _PRNote.m in Sources */ = {isa = PBXBuildFile; fileRef = A502278319C09B22005B31D2 /* _PRNote.m */; };
		A502279319C09B22005B31D2 /* _PRQuestion.m in Sources */ = {isa = PBXBuildFile; fileRef = A502278519C09B22005B31D2 /* _PRQuestion.m */; };
		A502279419C09B22005B31D2 /* _PRRecord.m in Sources */ = {isa = PBXBuildFile; fileRef = A502278719C09B22005B31D2 /* _PRRecord.m */; };
		A502279519C09B22005B31D2 /* _PRWard.m in Sources */ = {isa = PBXBuildFile; fileRef = A502278919C09B22005B31D2 /* _PRWard.m */; };
		A5023E3D19CC2E5A0076923A /* PRGoodWardSelectViewController.m in Sources */ = {isa = PBXBuildFile; fileRef = A5023E3C19CC2E5A0076923A /* PRGoodWardSelectViewController.m */; };
		A5023E4219CC3A130076923A /* _PRHospital.m in Sources */ = {isa = PBXBuildFile; fileRef = A5023E3F19CC3A130076923A /* _PRHospital.m */; };
		A5023E4319CC3A130076923A /* _PRTrust.m in Sources */ = {isa = PBXBuildFile; fileRef = A5023E4119CC3A130076923A /* _PRTrust.m */; };
		A5023E4819CC3A1D0076923A /* PRHospital.m in Sources */ = {isa = PBXBuildFile; fileRef = A5023E4519CC3A1D0076923A /* PRHospital.m */; };
		A5023E4919CC3A1D0076923A /* PRTrust.m in Sources */ = {isa = PBXBuildFile; fileRef = A5023E4719CC3A1D0076923A /* PRTrust.m */; };
		A504416E19B5C2170000C9B3 /* PRPIRTQuestionsViewController.m in Sources */ = {isa = PBXBuildFile; fileRef = A504416D19B5C2170000C9B3 /* PRPIRTQuestionsViewController.m */; };
		A504417819B5CE920000C9B3 /* PRSegmentTabViewController.m in Sources */ = {isa = PBXBuildFile; fileRef = A504417719B5CE920000C9B3 /* PRSegmentTabViewController.m */; };
		A504417D19B5D37B0000C9B3 /* PRCommentsSummaryViewController.m in Sources */ = {isa = PBXBuildFile; fileRef = A504417C19B5D37B0000C9B3 /* PRCommentsSummaryViewController.m */; };
		A50671C519B0D279008557CE /* PRRecordViewController.m in Sources */ = {isa = PBXBuildFile; fileRef = A50671C419B0D279008557CE /* PRRecordViewController.m */; };
		A50671C819B0D56C008557CE /* PRQuestionaireViewController.m in Sources */ = {isa = PBXBuildFile; fileRef = A50671C719B0D56C008557CE /* PRQuestionaireViewController.m */; };
		A50671CB19B0DABC008557CE /* PRQuestionStatementViewController.m in Sources */ = {isa = PBXBuildFile; fileRef = A50671CA19B0DABC008557CE /* PRQuestionStatementViewController.m */; };
		A50671CF19B0DB40008557CE /* PRQuestionViewController.m in Sources */ = {isa = PBXBuildFile; fileRef = A50671CE19B0DB40008557CE /* PRQuestionViewController.m */; };
		A50E31F919D2B705001C5AE6 /* PROptionCollectionViewCell.m in Sources */ = {isa = PBXBuildFile; fileRef = A50E31F719D2B705001C5AE6 /* PROptionCollectionViewCell.m */; };
		A518BBBB1AB30F3200D45880 /* _PRUser.m in Sources */ = {isa = PBXBuildFile; fileRef = A518BBBA1AB30F3200D45880 /* _PRUser.m */; };
		A518BBBE1AB30F3D00D45880 /* PRUser.m in Sources */ = {isa = PBXBuildFile; fileRef = A518BBBD1AB30F3D00D45880 /* PRUser.m */; };
		A519939A1AB1E30B0056EB16 /* PRTabCell.m in Sources */ = {isa = PBXBuildFile; fileRef = A51993991AB1E30B0056EB16 /* PRTabCell.m */; };
		A51A6F8019B6FEDF004BF779 /* PRInputAccessoryView.m in Sources */ = {isa = PBXBuildFile; fileRef = A51A6F7F19B6FEDF004BF779 /* PRInputAccessoryView.m */; };
		A5235E8519D1BE1500AE721A /* PRTextSizeSelectCell.m in Sources */ = {isa = PBXBuildFile; fileRef = A5235E8419D1BE1500AE721A /* PRTextSizeSelectCell.m */; };
		A52A3C7019B471E300985BAB /* PRQuestionOptionsViewController.m in Sources */ = {isa = PBXBuildFile; fileRef = A52A3C6F19B471E300985BAB /* PRQuestionOptionsViewController.m */; };
		A52A3C8519B4C1E700985BAB /* PRGoodViewController.m in Sources */ = {isa = PBXBuildFile; fileRef = A52A3C8419B4C1E700985BAB /* PRGoodViewController.m */; };
		A52A3C8819B4C1F900985BAB /* PRNoteViewController.m in Sources */ = {isa = PBXBuildFile; fileRef = A52A3C8719B4C1F900985BAB /* PRNoteViewController.m */; };
		A52A3C8B19B4D22000985BAB /* PRPIRTViewController.m in Sources */ = {isa = PBXBuildFile; fileRef = A52A3C8A19B4D22000985BAB /* PRPIRTViewController.m */; };
		A536994619ADD1170045EEB1 /* main.m in Sources */ = {isa = PBXBuildFile; fileRef = A536994519ADD1170045EEB1 /* main.m */; };
		A536994919ADD1170045EEB1 /* AppDelegate.m in Sources */ = {isa = PBXBuildFile; fileRef = A536994819ADD1170045EEB1 /* AppDelegate.m */; };
		A536994C19ADD1170045EEB1 /* PRLoginViewController.m in Sources */ = {isa = PBXBuildFile; fileRef = A536994B19ADD1170045EEB1 /* PRLoginViewController.m */; };
		A536994F19ADD1170045EEB1 /* Main.storyboard in Resources */ = {isa = PBXBuildFile; fileRef = A536994D19ADD1170045EEB1 /* Main.storyboard */; };
		A536995119ADD1170045EEB1 /* Images.xcassets in Resources */ = {isa = PBXBuildFile; fileRef = A536995019ADD1170045EEB1 /* Images.xcassets */; };
		A536995D19ADD1170045EEB1 /* NHS_PraseTests.m in Sources */ = {isa = PBXBuildFile; fileRef = A536995C19ADD1170045EEB1 /* NHS_PraseTests.m */; };
		A540640419C1FC9800C38EF9 /* PRAnswerOptionsLayout.m in Sources */ = {isa = PBXBuildFile; fileRef = A540640319C1FC9800C38EF9 /* PRAnswerOptionsLayout.m */; };
		A54074421AA073E20039980E /* PRTextFieldCell.m in Sources */ = {isa = PBXBuildFile; fileRef = A54074411AA073E20039980E /* PRTextFieldCell.m */; };
		A544EEC519C899F700160388 /* PRIncrementCell.m in Sources */ = {isa = PBXBuildFile; fileRef = A544EEC419C899F700160388 /* PRIncrementCell.m */; };
		A5466A8919AE070100240026 /* HomeViewController.m in Sources */ = {isa = PBXBuildFile; fileRef = A5466A8819AE070100240026 /* HomeViewController.m */; };
		A5466CBF19AE3B0500240026 /* PRBasicDataFormViewController.m in Sources */ = {isa = PBXBuildFile; fileRef = A5466CBE19AE3B0500240026 /* PRBasicDataFormViewController.m */; };
		A576056919B0AE150018E9EA /* PRDateSelectCell.m in Sources */ = {isa = PBXBuildFile; fileRef = A576056819B0AE150018E9EA /* PRDateSelectCell.m */; };
		A57B558D19CAE4420069FE65 /* PRFormViewController.m in Sources */ = {isa = PBXBuildFile; fileRef = A57B558C19CAE4420069FE65 /* PRFormViewController.m */; };
		A57B559619CAE55C0069FE65 /* PRRecordSummaryViewController.m in Sources */ = {isa = PBXBuildFile; fileRef = A57B559519CAE55C0069FE65 /* PRRecordSummaryViewController.m */; };
		A57B559919CAE62A0069FE65 /* PRQuestionnaireCompleteCell.m in Sources */ = {isa = PBXBuildFile; fileRef = A57B559819CAE62A0069FE65 /* PRQuestionnaireCompleteCell.m */; };
		A58591E81A9CD15F008DB220 /* UIViewController+Scrolling.m in Sources */ = {isa = PBXBuildFile; fileRef = A58591E71A9CD15F008DB220 /* UIViewController+Scrolling.m */; };
		A58591EB1A9CDB7D008DB220 /* PRScrollButtonView.m in Sources */ = {isa = PBXBuildFile; fileRef = A58591EA1A9CDB7D008DB220 /* PRScrollButtonView.m */; };
		A5866CB319DAF723006EDFB0 /* PRImageView.m in Sources */ = {isa = PBXBuildFile; fileRef = A5866CB219DAF723006EDFB0 /* PRImageView.m */; };
		A58699AE19CB2E4F002E0C14 /* PRBasicDataCompleteCell.m in Sources */ = {isa = PBXBuildFile; fileRef = A58699AD19CB2E4F002E0C14 /* PRBasicDataCompleteCell.m */; };
		A5882D2B19BA0FE500C04E4F /* PRTheme.m in Sources */ = {isa = PBXBuildFile; fileRef = A504419419B60D740000C9B3 /* PRTheme.m */; };
		A58A8D3D19C6EA1A0052EAB7 /* PRSelectionTableViewCell.m in Sources */ = {isa = PBXBuildFile; fileRef = A58A8D3C19C6EA1A0052EAB7 /* PRSelectionTableViewCell.m */; };
		A5B4EBE91AB0978D00247F29 /* PRIncompleteViewController.m in Sources */ = {isa = PBXBuildFile; fileRef = A5B4EBE81AB0978D00247F29 /* PRIncompleteViewController.m */; };
		A5BCB3C219BDBC7100092F50 /* PRSettingsViewController.m in Sources */ = {isa = PBXBuildFile; fileRef = A5BCB3C119BDBC7100092F50 /* PRSettingsViewController.m */; };
		A5BCB3CB19BDE35700092F50 /* PRViewController.m in Sources */ = {isa = PBXBuildFile; fileRef = A5BCB3CA19BDE35700092F50 /* PRViewController.m */; };
		A5BCB3D419BDE6E600092F50 /* Localizable.strings in Resources */ = {isa = PBXBuildFile; fileRef = A5BCB3CF19BDE6E600092F50 /* Localizable.strings */; };
		A5BCB3D519BDE6E600092F50 /* Storyboard.strings in Resources */ = {isa = PBXBuildFile; fileRef = A5BCB3D119BDE6E600092F50 /* Storyboard.strings */; };
		A5C0749C19D5A819003446F7 /* _PRAnswerSet.m in Sources */ = {isa = PBXBuildFile; fileRef = A5C0749719D5A819003446F7 /* _PRAnswerSet.m */; };
		A5C0749D19D5A819003446F7 /* _PRPMOS.m in Sources */ = {isa = PBXBuildFile; fileRef = A5C0749919D5A819003446F7 /* _PRPMOS.m */; };
		A5C0749E19D5A819003446F7 /* _PRPMOSQuestion.m in Sources */ = {isa = PBXBuildFile; fileRef = A5C0749B19D5A819003446F7 /* _PRPMOSQuestion.m */; };
		A5C074A519D5A829003446F7 /* PRAnswerSet.m in Sources */ = {isa = PBXBuildFile; fileRef = A5C074A019D5A829003446F7 /* PRAnswerSet.m */; };
		A5C074A619D5A829003446F7 /* PRPMOS.m in Sources */ = {isa = PBXBuildFile; fileRef = A5C074A219D5A829003446F7 /* PRPMOS.m */; };
		A5C074A719D5A829003446F7 /* PRPMOSQuestion.m in Sources */ = {isa = PBXBuildFile; fileRef = A5C074A419D5A829003446F7 /* PRPMOSQuestion.m */; };
		A5D40FD019D2F8FE00CD6FAD /* PRAPIManager.m in Sources */ = {isa = PBXBuildFile; fileRef = A5D40FCF19D2F8FE00CD6FAD /* PRAPIManager.m */; };
		A5DE267F19B737ED000D3AF2 /* PRWardSelectViewController.m in Sources */ = {isa = PBXBuildFile; fileRef = A5DE267E19B737ED000D3AF2 /* PRWardSelectViewController.m */; };
		A5DE268619B739D9000D3AF2 /* PRPIRTWardSelectViewController.m in Sources */ = {isa = PBXBuildFile; fileRef = A5DE268519B739D9000D3AF2 /* PRPIRTWardSelectViewController.m */; };
		A5EBFEC219D16B940056A44A /* PRAgreementViewController.m in Sources */ = {isa = PBXBuildFile; fileRef = A5EBFEC119D16B940056A44A /* PRAgreementViewController.m */; };
		A5EBFECB19D17D710056A44A /* PRTimeSelectCell.m in Sources */ = {isa = PBXBuildFile; fileRef = A5EBFECA19D17D710056A44A /* PRTimeSelectCell.m */; };
		A5EBFED619D1876C0056A44A /* PRMultiTextFieldCell.m in Sources */ = {isa = PBXBuildFile; fileRef = A5EBFED519D1876C0056A44A /* PRMultiTextFieldCell.m */; };
		A5F565AA19C338E10080C692 /* PRSelectionViewController.m in Sources */ = {isa = PBXBuildFile; fileRef = A5F565A919C338E10080C692 /* PRSelectionViewController.m */; };
		E7C2EEF21A77E7C70047D66A /* Crashlytics.framework in Frameworks */ = {isa = PBXBuildFile; fileRef = E7C2EEF11A77E7C70047D66A /* Crashlytics.framework */; };
/* End PBXBuildFile section */

/* Begin PBXContainerItemProxy section */
		A536995719ADD1170045EEB1 /* PBXContainerItemProxy */ = {
			isa = PBXContainerItemProxy;
			containerPortal = A536993819ADD1170045EEB1 /* Project object */;
			proxyType = 1;
			remoteGlobalIDString = A536993F19ADD1170045EEB1;
			remoteInfo = "NHS Prase";
		};
/* End PBXContainerItemProxy section */

/* Begin PBXCopyFilesBuildPhase section */
		A561094E19ADEED000488879 /* Embed Frameworks */ = {
			isa = PBXCopyFilesBuildPhase;
			buildActionMask = 2147483647;
			dstPath = "";
			dstSubfolderSpec = 10;
			files = (
			);
			name = "Embed Frameworks";
			runOnlyForDeploymentPostprocessing = 0;
		};
		A5F521F919AF29B600DC6C68 /* CopyFiles */ = {
			isa = PBXCopyFilesBuildPhase;
			buildActionMask = 2147483647;
			dstPath = "";
			dstSubfolderSpec = 10;
			files = (
			);
			runOnlyForDeploymentPostprocessing = 0;
		};
/* End PBXCopyFilesBuildPhase section */

/* Begin PBXFileReference section */
		2CABA1FDD932E8345724AECD /* Pods.release.xcconfig */ = {isa = PBXFileReference; includeInIndex = 1; lastKnownFileType = text.xcconfig; name = Pods.release.xcconfig; path = "Pods/Target Support Files/Pods/Pods.release.xcconfig"; sourceTree = "<group>"; };
		31B25AA318CE66FBADA049EC /* Pods.debug.xcconfig */ = {isa = PBXFileReference; includeInIndex = 1; lastKnownFileType = text.xcconfig; name = Pods.debug.xcconfig; path = "Pods/Target Support Files/Pods/Pods.debug.xcconfig"; sourceTree = "<group>"; };
		A502276D19C0913E005B31D2 /* PRModel.xcdatamodel */ = {isa = PBXFileReference; lastKnownFileType = wrapper.xcdatamodel; path = PRModel.xcdatamodel; sourceTree = "<group>"; };
		A502277119C09B22005B31D2 /* PRAnswerOption.h */ = {isa = PBXFileReference; fileEncoding = 4; lastKnownFileType = sourcecode.c.h; path = PRAnswerOption.h; sourceTree = "<group>"; };
		A502277219C09B22005B31D2 /* PRAnswerOption.m */ = {isa = PBXFileReference; fileEncoding = 4; lastKnownFileType = sourcecode.c.objc; path = PRAnswerOption.m; sourceTree = "<group>"; };
		A502277319C09B22005B31D2 /* PRConcern.h */ = {isa = PBXFileReference; fileEncoding = 4; lastKnownFileType = sourcecode.c.h; path = PRConcern.h; sourceTree = "<group>"; };
		A502277419C09B22005B31D2 /* PRConcern.m */ = {isa = PBXFileReference; fileEncoding = 4; lastKnownFileType = sourcecode.c.objc; path = PRConcern.m; sourceTree = "<group>"; };
		A502277519C09B22005B31D2 /* PRNote.h */ = {isa = PBXFileReference; fileEncoding = 4; lastKnownFileType = sourcecode.c.h; path = PRNote.h; sourceTree = "<group>"; };
		A502277619C09B22005B31D2 /* PRNote.m */ = {isa = PBXFileReference; fileEncoding = 4; lastKnownFileType = sourcecode.c.objc; lineEnding = 0; path = PRNote.m; sourceTree = "<group>"; xcLanguageSpecificationIdentifier = xcode.lang.objc; };
		A502277719C09B22005B31D2 /* PRQuestion.h */ = {isa = PBXFileReference; fileEncoding = 4; lastKnownFileType = sourcecode.c.h; path = PRQuestion.h; sourceTree = "<group>"; };
		A502277819C09B22005B31D2 /* PRQuestion.m */ = {isa = PBXFileReference; fileEncoding = 4; lastKnownFileType = sourcecode.c.objc; path = PRQuestion.m; sourceTree = "<group>"; };
		A502277919C09B22005B31D2 /* PRRecord.h */ = {isa = PBXFileReference; fileEncoding = 4; lastKnownFileType = sourcecode.c.h; path = PRRecord.h; sourceTree = "<group>"; };
		A502277A19C09B22005B31D2 /* PRRecord.m */ = {isa = PBXFileReference; fileEncoding = 4; lastKnownFileType = sourcecode.c.objc; lineEnding = 0; path = PRRecord.m; sourceTree = "<group>"; xcLanguageSpecificationIdentifier = xcode.lang.objc; };
		A502277B19C09B22005B31D2 /* PRWard.h */ = {isa = PBXFileReference; fileEncoding = 4; lastKnownFileType = sourcecode.c.h; path = PRWard.h; sourceTree = "<group>"; };
		A502277C19C09B22005B31D2 /* PRWard.m */ = {isa = PBXFileReference; fileEncoding = 4; lastKnownFileType = sourcecode.c.objc; path = PRWard.m; sourceTree = "<group>"; };
		A502277E19C09B22005B31D2 /* _PRAnswerOption.h */ = {isa = PBXFileReference; fileEncoding = 4; lastKnownFileType = sourcecode.c.h; path = _PRAnswerOption.h; sourceTree = "<group>"; };
		A502277F19C09B22005B31D2 /* _PRAnswerOption.m */ = {isa = PBXFileReference; fileEncoding = 4; lastKnownFileType = sourcecode.c.objc; path = _PRAnswerOption.m; sourceTree = "<group>"; };
		A502278019C09B22005B31D2 /* _PRConcern.h */ = {isa = PBXFileReference; fileEncoding = 4; lastKnownFileType = sourcecode.c.h; path = _PRConcern.h; sourceTree = "<group>"; };
		A502278119C09B22005B31D2 /* _PRConcern.m */ = {isa = PBXFileReference; fileEncoding = 4; lastKnownFileType = sourcecode.c.objc; path = _PRConcern.m; sourceTree = "<group>"; };
		A502278219C09B22005B31D2 /* _PRNote.h */ = {isa = PBXFileReference; fileEncoding = 4; lastKnownFileType = sourcecode.c.h; path = _PRNote.h; sourceTree = "<group>"; };
		A502278319C09B22005B31D2 /* _PRNote.m */ = {isa = PBXFileReference; fileEncoding = 4; lastKnownFileType = sourcecode.c.objc; path = _PRNote.m; sourceTree = "<group>"; };
		A502278419C09B22005B31D2 /* _PRQuestion.h */ = {isa = PBXFileReference; fileEncoding = 4; lastKnownFileType = sourcecode.c.h; path = _PRQuestion.h; sourceTree = "<group>"; };
		A502278519C09B22005B31D2 /* _PRQuestion.m */ = {isa = PBXFileReference; fileEncoding = 4; lastKnownFileType = sourcecode.c.objc; path = _PRQuestion.m; sourceTree = "<group>"; };
		A502278619C09B22005B31D2 /* _PRRecord.h */ = {isa = PBXFileReference; fileEncoding = 4; lastKnownFileType = sourcecode.c.h; path = _PRRecord.h; sourceTree = "<group>"; };
		A502278719C09B22005B31D2 /* _PRRecord.m */ = {isa = PBXFileReference; fileEncoding = 4; lastKnownFileType = sourcecode.c.objc; path = _PRRecord.m; sourceTree = "<group>"; };
		A502278819C09B22005B31D2 /* _PRWard.h */ = {isa = PBXFileReference; fileEncoding = 4; lastKnownFileType = sourcecode.c.h; path = _PRWard.h; sourceTree = "<group>"; };
		A502278919C09B22005B31D2 /* _PRWard.m */ = {isa = PBXFileReference; fileEncoding = 4; lastKnownFileType = sourcecode.c.objc; path = _PRWard.m; sourceTree = "<group>"; };
		A5023E3B19CC2E5A0076923A /* PRGoodWardSelectViewController.h */ = {isa = PBXFileReference; fileEncoding = 4; lastKnownFileType = sourcecode.c.h; name = PRGoodWardSelectViewController.h; path = "Record View Controllers/PIRT View Controllers/PRGoodWardSelectViewController.h"; sourceTree = "<group>"; };
		A5023E3C19CC2E5A0076923A /* PRGoodWardSelectViewController.m */ = {isa = PBXFileReference; fileEncoding = 4; lastKnownFileType = sourcecode.c.objc; name = PRGoodWardSelectViewController.m; path = "Record View Controllers/PIRT View Controllers/PRGoodWardSelectViewController.m"; sourceTree = "<group>"; };
		A5023E3E19CC3A130076923A /* _PRHospital.h */ = {isa = PBXFileReference; fileEncoding = 4; lastKnownFileType = sourcecode.c.h; path = _PRHospital.h; sourceTree = "<group>"; };
		A5023E3F19CC3A130076923A /* _PRHospital.m */ = {isa = PBXFileReference; fileEncoding = 4; lastKnownFileType = sourcecode.c.objc; path = _PRHospital.m; sourceTree = "<group>"; };
		A5023E4019CC3A130076923A /* _PRTrust.h */ = {isa = PBXFileReference; fileEncoding = 4; lastKnownFileType = sourcecode.c.h; path = _PRTrust.h; sourceTree = "<group>"; };
		A5023E4119CC3A130076923A /* _PRTrust.m */ = {isa = PBXFileReference; fileEncoding = 4; lastKnownFileType = sourcecode.c.objc; path = _PRTrust.m; sourceTree = "<group>"; };
		A5023E4419CC3A1D0076923A /* PRHospital.h */ = {isa = PBXFileReference; fileEncoding = 4; lastKnownFileType = sourcecode.c.h; path = PRHospital.h; sourceTree = "<group>"; };
		A5023E4519CC3A1D0076923A /* PRHospital.m */ = {isa = PBXFileReference; fileEncoding = 4; lastKnownFileType = sourcecode.c.objc; path = PRHospital.m; sourceTree = "<group>"; };
		A5023E4619CC3A1D0076923A /* PRTrust.h */ = {isa = PBXFileReference; fileEncoding = 4; lastKnownFileType = sourcecode.c.h; path = PRTrust.h; sourceTree = "<group>"; };
		A5023E4719CC3A1D0076923A /* PRTrust.m */ = {isa = PBXFileReference; fileEncoding = 4; lastKnownFileType = sourcecode.c.objc; path = PRTrust.m; sourceTree = "<group>"; };
		A504416C19B5C2170000C9B3 /* PRPIRTQuestionsViewController.h */ = {isa = PBXFileReference; fileEncoding = 4; lastKnownFileType = sourcecode.c.h; name = PRPIRTQuestionsViewController.h; path = "Record View Controllers/PIRT View Controllers/PRPIRTQuestionsViewController.h"; sourceTree = "<group>"; };
		A504416D19B5C2170000C9B3 /* PRPIRTQuestionsViewController.m */ = {isa = PBXFileReference; fileEncoding = 4; lastKnownFileType = sourcecode.c.objc; name = PRPIRTQuestionsViewController.m; path = "Record View Controllers/PIRT View Controllers/PRPIRTQuestionsViewController.m"; sourceTree = "<group>"; };
		A504417619B5CE920000C9B3 /* PRSegmentTabViewController.h */ = {isa = PBXFileReference; fileEncoding = 4; lastKnownFileType = sourcecode.c.h; name = PRSegmentTabViewController.h; path = "Record View Controllers/PRSegmentTabViewController.h"; sourceTree = "<group>"; };
		A504417719B5CE920000C9B3 /* PRSegmentTabViewController.m */ = {isa = PBXFileReference; fileEncoding = 4; lastKnownFileType = sourcecode.c.objc; name = PRSegmentTabViewController.m; path = "Record View Controllers/PRSegmentTabViewController.m"; sourceTree = "<group>"; };
		A504417B19B5D37B0000C9B3 /* PRCommentsSummaryViewController.h */ = {isa = PBXFileReference; fileEncoding = 4; lastKnownFileType = sourcecode.c.h; name = PRCommentsSummaryViewController.h; path = "Record View Controllers/PRCommentsSummaryViewController.h"; sourceTree = "<group>"; };
		A504417C19B5D37B0000C9B3 /* PRCommentsSummaryViewController.m */ = {isa = PBXFileReference; fileEncoding = 4; lastKnownFileType = sourcecode.c.objc; name = PRCommentsSummaryViewController.m; path = "Record View Controllers/PRCommentsSummaryViewController.m"; sourceTree = "<group>"; };
		A504419319B60D740000C9B3 /* PRTheme.h */ = {isa = PBXFileReference; fileEncoding = 4; lastKnownFileType = sourcecode.c.h; lineEnding = 0; name = PRTheme.h; path = Model/PRTheme.h; sourceTree = "<group>"; xcLanguageSpecificationIdentifier = xcode.lang.objcpp; };
		A504419419B60D740000C9B3 /* PRTheme.m */ = {isa = PBXFileReference; fileEncoding = 4; lastKnownFileType = sourcecode.c.objc; name = PRTheme.m; path = Model/PRTheme.m; sourceTree = "<group>"; };
		A50671C319B0D279008557CE /* PRRecordViewController.h */ = {isa = PBXFileReference; fileEncoding = 4; lastKnownFileType = sourcecode.c.h; name = PRRecordViewController.h; path = "Record View Controllers/PRRecordViewController.h"; sourceTree = "<group>"; };
		A50671C419B0D279008557CE /* PRRecordViewController.m */ = {isa = PBXFileReference; fileEncoding = 4; lastKnownFileType = sourcecode.c.objc; name = PRRecordViewController.m; path = "Record View Controllers/PRRecordViewController.m"; sourceTree = "<group>"; };
		A50671C619B0D56C008557CE /* PRQuestionaireViewController.h */ = {isa = PBXFileReference; fileEncoding = 4; lastKnownFileType = sourcecode.c.h; name = PRQuestionaireViewController.h; path = "Record View Controllers/PRQuestionaireViewController.h"; sourceTree = "<group>"; };
		A50671C719B0D56C008557CE /* PRQuestionaireViewController.m */ = {isa = PBXFileReference; fileEncoding = 4; lastKnownFileType = sourcecode.c.objc; name = PRQuestionaireViewController.m; path = "Record View Controllers/PRQuestionaireViewController.m"; sourceTree = "<group>"; };
		A50671C919B0DABC008557CE /* PRQuestionStatementViewController.h */ = {isa = PBXFileReference; fileEncoding = 4; lastKnownFileType = sourcecode.c.h; name = PRQuestionStatementViewController.h; path = "Record View Controllers/QuestionViewControllers/PRQuestionStatementViewController.h"; sourceTree = "<group>"; };
		A50671CA19B0DABC008557CE /* PRQuestionStatementViewController.m */ = {isa = PBXFileReference; fileEncoding = 4; lastKnownFileType = sourcecode.c.objc; name = PRQuestionStatementViewController.m; path = "Record View Controllers/QuestionViewControllers/PRQuestionStatementViewController.m"; sourceTree = "<group>"; };
		A50671CD19B0DB40008557CE /* PRQuestionViewController.h */ = {isa = PBXFileReference; fileEncoding = 4; lastKnownFileType = sourcecode.c.h; name = PRQuestionViewController.h; path = "Record View Controllers/QuestionViewControllers/PRQuestionViewController.h"; sourceTree = "<group>"; };
		A50671CE19B0DB40008557CE /* PRQuestionViewController.m */ = {isa = PBXFileReference; fileEncoding = 4; lastKnownFileType = sourcecode.c.objc; lineEnding = 0; name = PRQuestionViewController.m; path = "Record View Controllers/QuestionViewControllers/PRQuestionViewController.m"; sourceTree = "<group>"; xcLanguageSpecificationIdentifier = xcode.lang.objc; };
		A50E31F619D2B705001C5AE6 /* PROptionCollectionViewCell.h */ = {isa = PBXFileReference; fileEncoding = 4; lastKnownFileType = sourcecode.c.h; path = PROptionCollectionViewCell.h; sourceTree = "<group>"; };
		A50E31F719D2B705001C5AE6 /* PROptionCollectionViewCell.m */ = {isa = PBXFileReference; fileEncoding = 4; lastKnownFileType = sourcecode.c.objc; path = PROptionCollectionViewCell.m; sourceTree = "<group>"; };
		A5109DE91A8CD049006731DB /* Prase-Info.h */ = {isa = PBXFileReference; fileEncoding = 4; lastKnownFileType = sourcecode.c.h; path = "Prase-Info.h"; sourceTree = "<group>"; };
		A518BBB81AB30B3E00D45880 /* PRModel_1.0_2.xcdatamodel */ = {isa = PBXFileReference; lastKnownFileType = wrapper.xcdatamodel; path = PRModel_1.0_2.xcdatamodel; sourceTree = "<group>"; };
		A518BBB91AB30F3200D45880 /* _PRUser.h */ = {isa = PBXFileReference; fileEncoding = 4; lastKnownFileType = sourcecode.c.h; path = _PRUser.h; sourceTree = "<group>"; };
		A518BBBA1AB30F3200D45880 /* _PRUser.m */ = {isa = PBXFileReference; fileEncoding = 4; lastKnownFileType = sourcecode.c.objc; path = _PRUser.m; sourceTree = "<group>"; };
		A518BBBC1AB30F3D00D45880 /* PRUser.h */ = {isa = PBXFileReference; fileEncoding = 4; lastKnownFileType = sourcecode.c.h; path = PRUser.h; sourceTree = "<group>"; };
		A518BBBD1AB30F3D00D45880 /* PRUser.m */ = {isa = PBXFileReference; fileEncoding = 4; lastKnownFileType = sourcecode.c.objc; path = PRUser.m; sourceTree = "<group>"; };
		A51993981AB1E30B0056EB16 /* PRTabCell.h */ = {isa = PBXFileReference; fileEncoding = 4; lastKnownFileType = sourcecode.c.h; path = PRTabCell.h; sourceTree = "<group>"; };
		A51993991AB1E30B0056EB16 /* PRTabCell.m */ = {isa = PBXFileReference; fileEncoding = 4; lastKnownFileType = sourcecode.c.objc; path = PRTabCell.m; sourceTree = "<group>"; };
		A51A6F7E19B6FEDF004BF779 /* PRInputAccessoryView.h */ = {isa = PBXFileReference; fileEncoding = 4; lastKnownFileType = sourcecode.c.h; lineEnding = 0; path = PRInputAccessoryView.h; sourceTree = "<group>"; xcLanguageSpecificationIdentifier = xcode.lang.objcpp; };
		A51A6F7F19B6FEDF004BF779 /* PRInputAccessoryView.m */ = {isa = PBXFileReference; fileEncoding = 4; lastKnownFileType = sourcecode.c.objc; path = PRInputAccessoryView.m; sourceTree = "<group>"; };
		A5235E8319D1BE1500AE721A /* PRTextSizeSelectCell.h */ = {isa = PBXFileReference; fileEncoding = 4; lastKnownFileType = sourcecode.c.h; lineEnding = 0; name = PRTextSizeSelectCell.h; path = "Custom Form Cells/PRTextSizeSelectCell.h"; sourceTree = "<group>"; xcLanguageSpecificationIdentifier = xcode.lang.objcpp; };
		A5235E8419D1BE1500AE721A /* PRTextSizeSelectCell.m */ = {isa = PBXFileReference; fileEncoding = 4; lastKnownFileType = sourcecode.c.objc; name = PRTextSizeSelectCell.m; path = "Custom Form Cells/PRTextSizeSelectCell.m"; sourceTree = "<group>"; };
		A52A3C6E19B471E300985BAB /* PRQuestionOptionsViewController.h */ = {isa = PBXFileReference; fileEncoding = 4; lastKnownFileType = sourcecode.c.h; name = PRQuestionOptionsViewController.h; path = "Record View Controllers/QuestionViewControllers/PRQuestionOptionsViewController.h"; sourceTree = "<group>"; };
		A52A3C6F19B471E300985BAB /* PRQuestionOptionsViewController.m */ = {isa = PBXFileReference; fileEncoding = 4; lastKnownFileType = sourcecode.c.objc; lineEnding = 0; name = PRQuestionOptionsViewController.m; path = "Record View Controllers/QuestionViewControllers/PRQuestionOptionsViewController.m"; sourceTree = "<group>"; xcLanguageSpecificationIdentifier = xcode.lang.objc; };
		A52A3C8319B4C1E700985BAB /* PRGoodViewController.h */ = {isa = PBXFileReference; fileEncoding = 4; lastKnownFileType = sourcecode.c.h; lineEnding = 0; name = PRGoodViewController.h; path = "Record View Controllers/PIRT View Controllers/PRGoodViewController.h"; sourceTree = "<group>"; xcLanguageSpecificationIdentifier = xcode.lang.objcpp; };
		A52A3C8419B4C1E700985BAB /* PRGoodViewController.m */ = {isa = PBXFileReference; fileEncoding = 4; lastKnownFileType = sourcecode.c.objc; name = PRGoodViewController.m; path = "Record View Controllers/PIRT View Controllers/PRGoodViewController.m"; sourceTree = "<group>"; };
		A52A3C8619B4C1F900985BAB /* PRNoteViewController.h */ = {isa = PBXFileReference; fileEncoding = 4; lastKnownFileType = sourcecode.c.h; name = PRNoteViewController.h; path = "Record View Controllers/PIRT View Controllers/PRNoteViewController.h"; sourceTree = "<group>"; };
		A52A3C8719B4C1F900985BAB /* PRNoteViewController.m */ = {isa = PBXFileReference; fileEncoding = 4; lastKnownFileType = sourcecode.c.objc; lineEnding = 0; name = PRNoteViewController.m; path = "Record View Controllers/PIRT View Controllers/PRNoteViewController.m"; sourceTree = "<group>"; xcLanguageSpecificationIdentifier = xcode.lang.objc; };
		A52A3C8919B4D22000985BAB /* PRPIRTViewController.h */ = {isa = PBXFileReference; fileEncoding = 4; lastKnownFileType = sourcecode.c.h; name = PRPIRTViewController.h; path = "Record View Controllers/PIRT View Controllers/PRPIRTViewController.h"; sourceTree = "<group>"; };
		A52A3C8A19B4D22000985BAB /* PRPIRTViewController.m */ = {isa = PBXFileReference; fileEncoding = 4; lastKnownFileType = sourcecode.c.objc; name = PRPIRTViewController.m; path = "Record View Controllers/PIRT View Controllers/PRPIRTViewController.m"; sourceTree = "<group>"; };
		A536994019ADD1170045EEB1 /* NHS Prase.app */ = {isa = PBXFileReference; explicitFileType = wrapper.application; includeInIndex = 0; path = "NHS Prase.app"; sourceTree = BUILT_PRODUCTS_DIR; };
		A536994419ADD1170045EEB1 /* Info.plist */ = {isa = PBXFileReference; lastKnownFileType = text.plist.xml; path = Info.plist; sourceTree = "<group>"; };
		A536994519ADD1170045EEB1 /* main.m */ = {isa = PBXFileReference; lastKnownFileType = sourcecode.c.objc; path = main.m; sourceTree = "<group>"; };
		A536994719ADD1170045EEB1 /* AppDelegate.h */ = {isa = PBXFileReference; lastKnownFileType = sourcecode.c.h; path = AppDelegate.h; sourceTree = "<group>"; };
		A536994819ADD1170045EEB1 /* AppDelegate.m */ = {isa = PBXFileReference; lastKnownFileType = sourcecode.c.objc; path = AppDelegate.m; sourceTree = "<group>"; };
		A536994A19ADD1170045EEB1 /* PRLoginViewController.h */ = {isa = PBXFileReference; lastKnownFileType = sourcecode.c.h; path = PRLoginViewController.h; sourceTree = "<group>"; };
		A536994B19ADD1170045EEB1 /* PRLoginViewController.m */ = {isa = PBXFileReference; lastKnownFileType = sourcecode.c.objc; lineEnding = 0; path = PRLoginViewController.m; sourceTree = "<group>"; xcLanguageSpecificationIdentifier = xcode.lang.objc; };
		A536994E19ADD1170045EEB1 /* Base */ = {isa = PBXFileReference; lastKnownFileType = file.storyboard; name = Base; path = Base.lproj/Main.storyboard; sourceTree = "<group>"; };
		A536995019ADD1170045EEB1 /* Images.xcassets */ = {isa = PBXFileReference; lastKnownFileType = folder.assetcatalog; path = Images.xcassets; sourceTree = "<group>"; };
		A536995619ADD1170045EEB1 /* NHS PraseTests.xctest */ = {isa = PBXFileReference; explicitFileType = wrapper.cfbundle; includeInIndex = 0; path = "NHS PraseTests.xctest"; sourceTree = BUILT_PRODUCTS_DIR; };
		A536995B19ADD1170045EEB1 /* Info.plist */ = {isa = PBXFileReference; lastKnownFileType = text.plist.xml; path = Info.plist; sourceTree = "<group>"; };
		A536995C19ADD1170045EEB1 /* NHS_PraseTests.m */ = {isa = PBXFileReference; lastKnownFileType = sourcecode.c.objc; path = NHS_PraseTests.m; sourceTree = "<group>"; };
		A54025CF19BE082000B47050 /* fr */ = {isa = PBXFileReference; lastKnownFileType = text.plist.strings; name = fr; path = fr.lproj/Localizable.strings; sourceTree = "<group>"; };
		A540640219C1FC9800C38EF9 /* PRAnswerOptionsLayout.h */ = {isa = PBXFileReference; fileEncoding = 4; lastKnownFileType = sourcecode.c.h; name = PRAnswerOptionsLayout.h; path = "Record View Controllers/PRAnswerOptionsLayout.h"; sourceTree = "<group>"; };
		A540640319C1FC9800C38EF9 /* PRAnswerOptionsLayout.m */ = {isa = PBXFileReference; fileEncoding = 4; lastKnownFileType = sourcecode.c.objc; name = PRAnswerOptionsLayout.m; path = "Record View Controllers/PRAnswerOptionsLayout.m"; sourceTree = "<group>"; };
		A54074401AA073E20039980E /* PRTextFieldCell.h */ = {isa = PBXFileReference; fileEncoding = 4; lastKnownFileType = sourcecode.c.h; name = PRTextFieldCell.h; path = "Custom Form Cells/PRTextFieldCell.h"; sourceTree = "<group>"; };
		A54074411AA073E20039980E /* PRTextFieldCell.m */ = {isa = PBXFileReference; fileEncoding = 4; lastKnownFileType = sourcecode.c.objc; name = PRTextFieldCell.m; path = "Custom Form Cells/PRTextFieldCell.m"; sourceTree = "<group>"; };
		A544EEC319C899F700160388 /* PRIncrementCell.h */ = {isa = PBXFileReference; fileEncoding = 4; lastKnownFileType = sourcecode.c.h; lineEnding = 0; name = PRIncrementCell.h; path = "Custom Form Cells/PRIncrementCell.h"; sourceTree = "<group>"; xcLanguageSpecificationIdentifier = xcode.lang.objcpp; };
		A544EEC419C899F700160388 /* PRIncrementCell.m */ = {isa = PBXFileReference; fileEncoding = 4; lastKnownFileType = sourcecode.c.objc; name = PRIncrementCell.m; path = "Custom Form Cells/PRIncrementCell.m"; sourceTree = "<group>"; };
		A5466A8719AE070100240026 /* HomeViewController.h */ = {isa = PBXFileReference; fileEncoding = 4; lastKnownFileType = sourcecode.c.h; lineEnding = 0; path = HomeViewController.h; sourceTree = "<group>"; xcLanguageSpecificationIdentifier = xcode.lang.objcpp; };
		A5466A8819AE070100240026 /* HomeViewController.m */ = {isa = PBXFileReference; fileEncoding = 4; lastKnownFileType = sourcecode.c.objc; path = HomeViewController.m; sourceTree = "<group>"; };
		A5466CBD19AE3B0500240026 /* PRBasicDataFormViewController.h */ = {isa = PBXFileReference; fileEncoding = 4; lastKnownFileType = sourcecode.c.h; name = PRBasicDataFormViewController.h; path = "Record View Controllers/PRBasicDataFormViewController.h"; sourceTree = "<group>"; };
		A5466CBE19AE3B0500240026 /* PRBasicDataFormViewController.m */ = {isa = PBXFileReference; fileEncoding = 4; lastKnownFileType = sourcecode.c.objc; name = PRBasicDataFormViewController.m; path = "Record View Controllers/PRBasicDataFormViewController.m"; sourceTree = "<group>"; };
		A576056719B0AE150018E9EA /* PRDateSelectCell.h */ = {isa = PBXFileReference; fileEncoding = 4; lastKnownFileType = sourcecode.c.h; name = PRDateSelectCell.h; path = "Custom Form Cells/PRDateSelectCell.h"; sourceTree = "<group>"; };
		A576056819B0AE150018E9EA /* PRDateSelectCell.m */ = {isa = PBXFileReference; fileEncoding = 4; lastKnownFileType = sourcecode.c.objc; lineEnding = 0; name = PRDateSelectCell.m; path = "Custom Form Cells/PRDateSelectCell.m"; sourceTree = "<group>"; xcLanguageSpecificationIdentifier = xcode.lang.objc; };
		A57B558B19CAE4420069FE65 /* PRFormViewController.h */ = {isa = PBXFileReference; fileEncoding = 4; lastKnownFileType = sourcecode.c.h; lineEnding = 0; name = PRFormViewController.h; path = "Record View Controllers/PRFormViewController.h"; sourceTree = "<group>"; xcLanguageSpecificationIdentifier = xcode.lang.objcpp; };
		A57B558C19CAE4420069FE65 /* PRFormViewController.m */ = {isa = PBXFileReference; fileEncoding = 4; lastKnownFileType = sourcecode.c.objc; name = PRFormViewController.m; path = "Record View Controllers/PRFormViewController.m"; sourceTree = "<group>"; };
		A57B559419CAE55C0069FE65 /* PRRecordSummaryViewController.h */ = {isa = PBXFileReference; fileEncoding = 4; lastKnownFileType = sourcecode.c.h; name = PRRecordSummaryViewController.h; path = "Record View Controllers/PRRecordSummaryViewController.h"; sourceTree = "<group>"; };
		A57B559519CAE55C0069FE65 /* PRRecordSummaryViewController.m */ = {isa = PBXFileReference; fileEncoding = 4; lastKnownFileType = sourcecode.c.objc; name = PRRecordSummaryViewController.m; path = "Record View Controllers/PRRecordSummaryViewController.m"; sourceTree = "<group>"; };
		A57B559719CAE62A0069FE65 /* PRQuestionnaireCompleteCell.h */ = {isa = PBXFileReference; fileEncoding = 4; lastKnownFileType = sourcecode.c.h; lineEnding = 0; name = PRQuestionnaireCompleteCell.h; path = "Custom Form Cells/PRQuestionnaireCompleteCell.h"; sourceTree = "<group>"; xcLanguageSpecificationIdentifier = xcode.lang.objcpp; };
		A57B559819CAE62A0069FE65 /* PRQuestionnaireCompleteCell.m */ = {isa = PBXFileReference; fileEncoding = 4; lastKnownFileType = sourcecode.c.objc; name = PRQuestionnaireCompleteCell.m; path = "Custom Form Cells/PRQuestionnaireCompleteCell.m"; sourceTree = "<group>"; };
		A58591E61A9CD15F008DB220 /* UIViewController+Scrolling.h */ = {isa = PBXFileReference; fileEncoding = 4; lastKnownFileType = sourcecode.c.h; name = "UIViewController+Scrolling.h"; path = "Categories/UIViewController+Scrolling.h"; sourceTree = "<group>"; };
		A58591E71A9CD15F008DB220 /* UIViewController+Scrolling.m */ = {isa = PBXFileReference; fileEncoding = 4; lastKnownFileType = sourcecode.c.objc; name = "UIViewController+Scrolling.m"; path = "Categories/UIViewController+Scrolling.m"; sourceTree = "<group>"; };
		A58591E91A9CDB7D008DB220 /* PRScrollButtonView.h */ = {isa = PBXFileReference; fileEncoding = 4; lastKnownFileType = sourcecode.c.h; path = PRScrollButtonView.h; sourceTree = "<group>"; };
		A58591EA1A9CDB7D008DB220 /* PRScrollButtonView.m */ = {isa = PBXFileReference; fileEncoding = 4; lastKnownFileType = sourcecode.c.objc; path = PRScrollButtonView.m; sourceTree = "<group>"; };
		A5866CB119DAF723006EDFB0 /* PRImageView.h */ = {isa = PBXFileReference; fileEncoding = 4; lastKnownFileType = sourcecode.c.h; path = PRImageView.h; sourceTree = "<group>"; };
		A5866CB219DAF723006EDFB0 /* PRImageView.m */ = {isa = PBXFileReference; fileEncoding = 4; lastKnownFileType = sourcecode.c.objc; path = PRImageView.m; sourceTree = "<group>"; };
		A58699AC19CB2E4F002E0C14 /* PRBasicDataCompleteCell.h */ = {isa = PBXFileReference; fileEncoding = 4; lastKnownFileType = sourcecode.c.h; lineEnding = 0; name = PRBasicDataCompleteCell.h; path = "Custom Form Cells/PRBasicDataCompleteCell.h"; sourceTree = "<group>"; xcLanguageSpecificationIdentifier = xcode.lang.objcpp; };
		A58699AD19CB2E4F002E0C14 /* PRBasicDataCompleteCell.m */ = {isa = PBXFileReference; fileEncoding = 4; lastKnownFileType = sourcecode.c.objc; lineEnding = 0; name = PRBasicDataCompleteCell.m; path = "Custom Form Cells/PRBasicDataCompleteCell.m"; sourceTree = "<group>"; xcLanguageSpecificationIdentifier = xcode.lang.objc; };
		A58A8D3B19C6EA1A0052EAB7 /* PRSelectionTableViewCell.h */ = {isa = PBXFileReference; fileEncoding = 4; lastKnownFileType = sourcecode.c.h; lineEnding = 0; name = PRSelectionTableViewCell.h; path = "../Selection VCs/PRSelectionTableViewCell.h"; sourceTree = "<group>"; xcLanguageSpecificationIdentifier = xcode.lang.objcpp; };
		A58A8D3C19C6EA1A0052EAB7 /* PRSelectionTableViewCell.m */ = {isa = PBXFileReference; fileEncoding = 4; lastKnownFileType = sourcecode.c.objc; name = PRSelectionTableViewCell.m; path = "../Selection VCs/PRSelectionTableViewCell.m"; sourceTree = "<group>"; };
		A5961E5D19DC2E2E0085AFD9 /* NHS Prase-Info.h */ = {isa = PBXFileReference; lastKnownFileType = sourcecode.c.h; path = "NHS Prase-Info.h"; sourceTree = "<group>"; };
		A5B4EBE71AB0978D00247F29 /* PRIncompleteViewController.h */ = {isa = PBXFileReference; fileEncoding = 4; lastKnownFileType = sourcecode.c.h; name = PRIncompleteViewController.h; path = "Record View Controllers/PRIncompleteViewController.h"; sourceTree = "<group>"; };
		A5B4EBE81AB0978D00247F29 /* PRIncompleteViewController.m */ = {isa = PBXFileReference; fileEncoding = 4; lastKnownFileType = sourcecode.c.objc; name = PRIncompleteViewController.m; path = "Record View Controllers/PRIncompleteViewController.m"; sourceTree = "<group>"; };
		A5B4EBEA1AB09F5300247F29 /* PRModel_1.0.xcdatamodel */ = {isa = PBXFileReference; lastKnownFileType = wrapper.xcdatamodel; path = PRModel_1.0.xcdatamodel; sourceTree = "<group>"; };
		A5BCB3C019BDBC7100092F50 /* PRSettingsViewController.h */ = {isa = PBXFileReference; fileEncoding = 4; lastKnownFileType = sourcecode.c.h; lineEnding = 0; path = PRSettingsViewController.h; sourceTree = "<group>"; xcLanguageSpecificationIdentifier = xcode.lang.objcpp; };
		A5BCB3C119BDBC7100092F50 /* PRSettingsViewController.m */ = {isa = PBXFileReference; fileEncoding = 4; lastKnownFileType = sourcecode.c.objc; path = PRSettingsViewController.m; sourceTree = "<group>"; };
		A5BCB3C919BDE35700092F50 /* PRViewController.h */ = {isa = PBXFileReference; fileEncoding = 4; lastKnownFileType = sourcecode.c.h; path = PRViewController.h; sourceTree = "<group>"; };
		A5BCB3CA19BDE35700092F50 /* PRViewController.m */ = {isa = PBXFileReference; fileEncoding = 4; lastKnownFileType = sourcecode.c.objc; path = PRViewController.m; sourceTree = "<group>"; };
		A5BCB3D019BDE6E600092F50 /* en */ = {isa = PBXFileReference; lastKnownFileType = text.plist.strings; name = en; path = en.lproj/Localizable.strings; sourceTree = "<group>"; };
		A5BCB3D219BDE6E600092F50 /* en */ = {isa = PBXFileReference; lastKnownFileType = text.plist.strings; name = en; path = en.lproj/Storyboard.strings; sourceTree = "<group>"; };
		A5BCB3D319BDE6E600092F50 /* fr */ = {isa = PBXFileReference; lastKnownFileType = text.plist.strings; name = fr; path = fr.lproj/Storyboard.strings; sourceTree = "<group>"; };
		A5C0749619D5A819003446F7 /* _PRAnswerSet.h */ = {isa = PBXFileReference; fileEncoding = 4; lastKnownFileType = sourcecode.c.h; path = _PRAnswerSet.h; sourceTree = "<group>"; };
		A5C0749719D5A819003446F7 /* _PRAnswerSet.m */ = {isa = PBXFileReference; fileEncoding = 4; lastKnownFileType = sourcecode.c.objc; path = _PRAnswerSet.m; sourceTree = "<group>"; };
		A5C0749819D5A819003446F7 /* _PRPMOS.h */ = {isa = PBXFileReference; fileEncoding = 4; lastKnownFileType = sourcecode.c.h; path = _PRPMOS.h; sourceTree = "<group>"; };
		A5C0749919D5A819003446F7 /* _PRPMOS.m */ = {isa = PBXFileReference; fileEncoding = 4; lastKnownFileType = sourcecode.c.objc; path = _PRPMOS.m; sourceTree = "<group>"; };
		A5C0749A19D5A819003446F7 /* _PRPMOSQuestion.h */ = {isa = PBXFileReference; fileEncoding = 4; lastKnownFileType = sourcecode.c.h; path = _PRPMOSQuestion.h; sourceTree = "<group>"; };
		A5C0749B19D5A819003446F7 /* _PRPMOSQuestion.m */ = {isa = PBXFileReference; fileEncoding = 4; lastKnownFileType = sourcecode.c.objc; path = _PRPMOSQuestion.m; sourceTree = "<group>"; };
		A5C0749F19D5A829003446F7 /* PRAnswerSet.h */ = {isa = PBXFileReference; fileEncoding = 4; lastKnownFileType = sourcecode.c.h; path = PRAnswerSet.h; sourceTree = "<group>"; };
		A5C074A019D5A829003446F7 /* PRAnswerSet.m */ = {isa = PBXFileReference; fileEncoding = 4; lastKnownFileType = sourcecode.c.objc; path = PRAnswerSet.m; sourceTree = "<group>"; };
		A5C074A119D5A829003446F7 /* PRPMOS.h */ = {isa = PBXFileReference; fileEncoding = 4; lastKnownFileType = sourcecode.c.h; path = PRPMOS.h; sourceTree = "<group>"; };
		A5C074A219D5A829003446F7 /* PRPMOS.m */ = {isa = PBXFileReference; fileEncoding = 4; lastKnownFileType = sourcecode.c.objc; path = PRPMOS.m; sourceTree = "<group>"; };
		A5C074A319D5A829003446F7 /* PRPMOSQuestion.h */ = {isa = PBXFileReference; fileEncoding = 4; lastKnownFileType = sourcecode.c.h; path = PRPMOSQuestion.h; sourceTree = "<group>"; };
		A5C074A419D5A829003446F7 /* PRPMOSQuestion.m */ = {isa = PBXFileReference; fileEncoding = 4; lastKnownFileType = sourcecode.c.objc; path = PRPMOSQuestion.m; sourceTree = "<group>"; };
		A5D40FCE19D2F8FE00CD6FAD /* PRAPIManager.h */ = {isa = PBXFileReference; fileEncoding = 4; lastKnownFileType = sourcecode.c.h; lineEnding = 0; name = PRAPIManager.h; path = Model/PRAPIManager.h; sourceTree = "<group>"; xcLanguageSpecificationIdentifier = xcode.lang.objcpp; };
		A5D40FCF19D2F8FE00CD6FAD /* PRAPIManager.m */ = {isa = PBXFileReference; fileEncoding = 4; lastKnownFileType = sourcecode.c.objc; name = PRAPIManager.m; path = Model/PRAPIManager.m; sourceTree = "<group>"; };
		A5DE267D19B737ED000D3AF2 /* PRWardSelectViewController.h */ = {isa = PBXFileReference; fileEncoding = 4; lastKnownFileType = sourcecode.c.h; lineEnding = 0; path = PRWardSelectViewController.h; sourceTree = "<group>"; xcLanguageSpecificationIdentifier = xcode.lang.objcpp; };
		A5DE267E19B737ED000D3AF2 /* PRWardSelectViewController.m */ = {isa = PBXFileReference; fileEncoding = 4; lastKnownFileType = sourcecode.c.objc; path = PRWardSelectViewController.m; sourceTree = "<group>"; };
		A5DE268419B739D9000D3AF2 /* PRPIRTWardSelectViewController.h */ = {isa = PBXFileReference; fileEncoding = 4; lastKnownFileType = sourcecode.c.h; path = PRPIRTWardSelectViewController.h; sourceTree = "<group>"; };
		A5DE268519B739D9000D3AF2 /* PRPIRTWardSelectViewController.m */ = {isa = PBXFileReference; fileEncoding = 4; lastKnownFileType = sourcecode.c.objc; path = PRPIRTWardSelectViewController.m; sourceTree = "<group>"; };
		A5EBFEC019D16B940056A44A /* PRAgreementViewController.h */ = {isa = PBXFileReference; fileEncoding = 4; lastKnownFileType = sourcecode.c.h; name = PRAgreementViewController.h; path = "Record View Controllers/QuestionViewControllers/PRAgreementViewController.h"; sourceTree = "<group>"; };
		A5EBFEC119D16B940056A44A /* PRAgreementViewController.m */ = {isa = PBXFileReference; fileEncoding = 4; lastKnownFileType = sourcecode.c.objc; name = PRAgreementViewController.m; path = "Record View Controllers/QuestionViewControllers/PRAgreementViewController.m"; sourceTree = "<group>"; };
		A5EBFEC919D17D710056A44A /* PRTimeSelectCell.h */ = {isa = PBXFileReference; fileEncoding = 4; lastKnownFileType = sourcecode.c.h; name = PRTimeSelectCell.h; path = "Custom Form Cells/PRTimeSelectCell.h"; sourceTree = "<group>"; };
		A5EBFECA19D17D710056A44A /* PRTimeSelectCell.m */ = {isa = PBXFileReference; fileEncoding = 4; lastKnownFileType = sourcecode.c.objc; name = PRTimeSelectCell.m; path = "Custom Form Cells/PRTimeSelectCell.m"; sourceTree = "<group>"; };
		A5EBFED419D1876C0056A44A /* PRMultiTextFieldCell.h */ = {isa = PBXFileReference; fileEncoding = 4; lastKnownFileType = sourcecode.c.h; lineEnding = 0; name = PRMultiTextFieldCell.h; path = "Custom Form Cells/PRMultiTextFieldCell.h"; sourceTree = "<group>"; xcLanguageSpecificationIdentifier = xcode.lang.objcpp; };
		A5EBFED519D1876C0056A44A /* PRMultiTextFieldCell.m */ = {isa = PBXFileReference; fileEncoding = 4; lastKnownFileType = sourcecode.c.objc; lineEnding = 0; name = PRMultiTextFieldCell.m; path = "Custom Form Cells/PRMultiTextFieldCell.m"; sourceTree = "<group>"; xcLanguageSpecificationIdentifier = xcode.lang.objc; };
		A5F565A819C338E10080C692 /* PRSelectionViewController.h */ = {isa = PBXFileReference; fileEncoding = 4; lastKnownFileType = sourcecode.c.h; lineEnding = 0; path = PRSelectionViewController.h; sourceTree = "<group>"; xcLanguageSpecificationIdentifier = xcode.lang.objcpp; };
		A5F565A919C338E10080C692 /* PRSelectionViewController.m */ = {isa = PBXFileReference; fileEncoding = 4; lastKnownFileType = sourcecode.c.objc; path = PRSelectionViewController.m; sourceTree = "<group>"; };
		B52AF8C77EDD4244ACFF7EC3 /* libPods.a */ = {isa = PBXFileReference; explicitFileType = archive.ar; includeInIndex = 0; path = libPods.a; sourceTree = BUILT_PRODUCTS_DIR; };
		E7C2EEF11A77E7C70047D66A /* Crashlytics.framework */ = {isa = PBXFileReference; lastKnownFileType = wrapper.framework; path = Crashlytics.framework; sourceTree = "<group>"; };
/* End PBXFileReference section */

/* Begin PBXFrameworksBuildPhase section */
		A536993D19ADD1170045EEB1 /* Frameworks */ = {
			isa = PBXFrameworksBuildPhase;
			buildActionMask = 2147483647;
			files = (
				408CC42810B9480D918B020E /* libPods.a in Frameworks */,
				E7C2EEF21A77E7C70047D66A /* Crashlytics.framework in Frameworks */,
			);
			runOnlyForDeploymentPostprocessing = 0;
		};
		A536995319ADD1170045EEB1 /* Frameworks */ = {
			isa = PBXFrameworksBuildPhase;
			buildActionMask = 2147483647;
			files = (
			);
			runOnlyForDeploymentPostprocessing = 0;
		};
/* End PBXFrameworksBuildPhase section */

/* Begin PBXGroup section */
		4D95FF1EF131BCB73628AD72 /* Pods */ = {
			isa = PBXGroup;
			children = (
				31B25AA318CE66FBADA049EC /* Pods.debug.xcconfig */,
				2CABA1FDD932E8345724AECD /* Pods.release.xcconfig */,
			);
			name = Pods;
			sourceTree = "<group>";
		};
		792E3E2641A0445DAC8F4667 /* Frameworks */ = {
			isa = PBXGroup;
			children = (
				E7C2EEF11A77E7C70047D66A /* Crashlytics.framework */,
				B52AF8C77EDD4244ACFF7EC3 /* libPods.a */,
			);
			name = Frameworks;
			sourceTree = "<group>";
		};
		A502276519C08F15005B31D2 /* Persistent Model */ = {
			isa = PBXGroup;
			children = (
				A502276C19C0913E005B31D2 /* PRModel.xcdatamodeld */,
				A502277019C09B22005B31D2 /* Human */,
				A502277D19C09B22005B31D2 /* Machine */,
			);
			name = "Persistent Model";
			sourceTree = "<group>";
		};
		A502277019C09B22005B31D2 /* Human */ = {
			isa = PBXGroup;
			children = (
				A502277119C09B22005B31D2 /* PRAnswerOption.h */,
				A502277219C09B22005B31D2 /* PRAnswerOption.m */,
				A502277319C09B22005B31D2 /* PRConcern.h */,
				A502277419C09B22005B31D2 /* PRConcern.m */,
				A502277519C09B22005B31D2 /* PRNote.h */,
				A502277619C09B22005B31D2 /* PRNote.m */,
				A502277719C09B22005B31D2 /* PRQuestion.h */,
				A502277819C09B22005B31D2 /* PRQuestion.m */,
				A502277919C09B22005B31D2 /* PRRecord.h */,
				A502277A19C09B22005B31D2 /* PRRecord.m */,
				A502277B19C09B22005B31D2 /* PRWard.h */,
				A502277C19C09B22005B31D2 /* PRWard.m */,
				A5023E4419CC3A1D0076923A /* PRHospital.h */,
				A5023E4519CC3A1D0076923A /* PRHospital.m */,
				A5023E4619CC3A1D0076923A /* PRTrust.h */,
				A5023E4719CC3A1D0076923A /* PRTrust.m */,
				A518BBBC1AB30F3D00D45880 /* PRUser.h */,
				A518BBBD1AB30F3D00D45880 /* PRUser.m */,
				A5C0749F19D5A829003446F7 /* PRAnswerSet.h */,
				A5C074A019D5A829003446F7 /* PRAnswerSet.m */,
				A5C074A119D5A829003446F7 /* PRPMOS.h */,
				A5C074A219D5A829003446F7 /* PRPMOS.m */,
				A5C074A319D5A829003446F7 /* PRPMOSQuestion.h */,
				A5C074A419D5A829003446F7 /* PRPMOSQuestion.m */,
			);
			name = Human;
			path = "Model/Persistent Model/Human";
			sourceTree = "<group>";
		};
		A502277D19C09B22005B31D2 /* Machine */ = {
			isa = PBXGroup;
			children = (
				A502277E19C09B22005B31D2 /* _PRAnswerOption.h */,
				A502277F19C09B22005B31D2 /* _PRAnswerOption.m */,
				A502278019C09B22005B31D2 /* _PRConcern.h */,
				A502278119C09B22005B31D2 /* _PRConcern.m */,
				A502278219C09B22005B31D2 /* _PRNote.h */,
				A502278319C09B22005B31D2 /* _PRNote.m */,
				A502278419C09B22005B31D2 /* _PRQuestion.h */,
				A502278519C09B22005B31D2 /* _PRQuestion.m */,
				A502278619C09B22005B31D2 /* _PRRecord.h */,
				A502278719C09B22005B31D2 /* _PRRecord.m */,
				A502278819C09B22005B31D2 /* _PRWard.h */,
				A502278919C09B22005B31D2 /* _PRWard.m */,
				A5023E3E19CC3A130076923A /* _PRHospital.h */,
				A5023E3F19CC3A130076923A /* _PRHospital.m */,
				A5023E4019CC3A130076923A /* _PRTrust.h */,
				A5023E4119CC3A130076923A /* _PRTrust.m */,
				A518BBB91AB30F3200D45880 /* _PRUser.h */,
				A518BBBA1AB30F3200D45880 /* _PRUser.m */,
				A5C0749619D5A819003446F7 /* _PRAnswerSet.h */,
				A5C0749719D5A819003446F7 /* _PRAnswerSet.m */,
				A5C0749819D5A819003446F7 /* _PRPMOS.h */,
				A5C0749919D5A819003446F7 /* _PRPMOS.m */,
				A5C0749A19D5A819003446F7 /* _PRPMOSQuestion.h */,
				A5C0749B19D5A819003446F7 /* _PRPMOSQuestion.m */,
			);
			name = Machine;
			path = "Model/Persistent Model/Machine";
			sourceTree = "<group>";
		};
		A50671CC19B0DAC0008557CE /* Question View Controllers */ = {
			isa = PBXGroup;
			children = (
				A50671CD19B0DB40008557CE /* PRQuestionViewController.h */,
				A50671CE19B0DB40008557CE /* PRQuestionViewController.m */,
				A5EBFEC019D16B940056A44A /* PRAgreementViewController.h */,
				A5EBFEC119D16B940056A44A /* PRAgreementViewController.m */,
				A50671C919B0DABC008557CE /* PRQuestionStatementViewController.h */,
				A50671CA19B0DABC008557CE /* PRQuestionStatementViewController.m */,
				A52A3C6E19B471E300985BAB /* PRQuestionOptionsViewController.h */,
				A52A3C6F19B471E300985BAB /* PRQuestionOptionsViewController.m */,
			);
			name = "Question View Controllers";
			sourceTree = "<group>";
		};
		A50E31F319D2B705001C5AE6 /* Views */ = {
			isa = PBXGroup;
			children = (
				A5866CB119DAF723006EDFB0 /* PRImageView.h */,
				A5866CB219DAF723006EDFB0 /* PRImageView.m */,
				A50E31F619D2B705001C5AE6 /* PROptionCollectionViewCell.h */,
				A50E31F719D2B705001C5AE6 /* PROptionCollectionViewCell.m */,
				A58A8D3B19C6EA1A0052EAB7 /* PRSelectionTableViewCell.h */,
				A58A8D3C19C6EA1A0052EAB7 /* PRSelectionTableViewCell.m */,
				A58591E91A9CDB7D008DB220 /* PRScrollButtonView.h */,
				A58591EA1A9CDB7D008DB220 /* PRScrollButtonView.m */,
				A51993981AB1E30B0056EB16 /* PRTabCell.h */,
				A51993991AB1E30B0056EB16 /* PRTabCell.m */,
			);
			path = Views;
			sourceTree = "<group>";
		};
		A52A3C5619B4600500985BAB /* Model */ = {
			isa = PBXGroup;
			children = (
				A504419319B60D740000C9B3 /* PRTheme.h */,
				A504419419B60D740000C9B3 /* PRTheme.m */,
				A502276519C08F15005B31D2 /* Persistent Model */,
			);
			name = Model;
			sourceTree = "<group>";
		};
		A52A3C8219B4C1BC00985BAB /* PIRT View Controllers */ = {
			isa = PBXGroup;
			children = (
				A52A3C8619B4C1F900985BAB /* PRNoteViewController.h */,
				A52A3C8719B4C1F900985BAB /* PRNoteViewController.m */,
				A52A3C8319B4C1E700985BAB /* PRGoodViewController.h */,
				A52A3C8419B4C1E700985BAB /* PRGoodViewController.m */,
				A5023E3B19CC2E5A0076923A /* PRGoodWardSelectViewController.h */,
				A5023E3C19CC2E5A0076923A /* PRGoodWardSelectViewController.m */,
				A52A3C8919B4D22000985BAB /* PRPIRTViewController.h */,
				A52A3C8A19B4D22000985BAB /* PRPIRTViewController.m */,
				A5DE268419B739D9000D3AF2 /* PRPIRTWardSelectViewController.h */,
				A5DE268519B739D9000D3AF2 /* PRPIRTWardSelectViewController.m */,
				A504416C19B5C2170000C9B3 /* PRPIRTQuestionsViewController.h */,
				A504416D19B5C2170000C9B3 /* PRPIRTQuestionsViewController.m */,
				A51A6F7E19B6FEDF004BF779 /* PRInputAccessoryView.h */,
				A51A6F7F19B6FEDF004BF779 /* PRInputAccessoryView.m */,
			);
			name = "PIRT View Controllers";
			sourceTree = "<group>";
		};
		A536993719ADD1170045EEB1 = {
			isa = PBXGroup;
			children = (
				A5BCB3CE19BDE6E600092F50 /* Languages */,
				A536994219ADD1170045EEB1 /* NHS Prase */,
				A536995919ADD1170045EEB1 /* NHS PraseTests */,
				A536994119ADD1170045EEB1 /* Products */,
				792E3E2641A0445DAC8F4667 /* Frameworks */,
				4D95FF1EF131BCB73628AD72 /* Pods */,
			);
			sourceTree = "<group>";
		};
		A536994119ADD1170045EEB1 /* Products */ = {
			isa = PBXGroup;
			children = (
				A536994019ADD1170045EEB1 /* NHS Prase.app */,
				A536995619ADD1170045EEB1 /* NHS PraseTests.xctest */,
			);
			name = Products;
			sourceTree = "<group>";
		};
		A536994219ADD1170045EEB1 /* NHS Prase */ = {
			isa = PBXGroup;
			children = (
				A50E31F319D2B705001C5AE6 /* Views */,
				A536994719ADD1170045EEB1 /* AppDelegate.h */,
				A536994819ADD1170045EEB1 /* AppDelegate.m */,
				A5109DE91A8CD049006731DB /* Prase-Info.h */,
				A5D40FCE19D2F8FE00CD6FAD /* PRAPIManager.h */,
				A5D40FCF19D2F8FE00CD6FAD /* PRAPIManager.m */,
				A5BCB3C919BDE35700092F50 /* PRViewController.h */,
				A5BCB3CA19BDE35700092F50 /* PRViewController.m */,
				A58591E61A9CD15F008DB220 /* UIViewController+Scrolling.h */,
				A58591E71A9CD15F008DB220 /* UIViewController+Scrolling.m */,
				A5F565A819C338E10080C692 /* PRSelectionViewController.h */,
				A5F565A919C338E10080C692 /* PRSelectionViewController.m */,
				A536994A19ADD1170045EEB1 /* PRLoginViewController.h */,
				A536994B19ADD1170045EEB1 /* PRLoginViewController.m */,
				A5BCB3C019BDBC7100092F50 /* PRSettingsViewController.h */,
				A5BCB3C119BDBC7100092F50 /* PRSettingsViewController.m */,
				A5DE267D19B737ED000D3AF2 /* PRWardSelectViewController.h */,
				A5DE267E19B737ED000D3AF2 /* PRWardSelectViewController.m */,
				A5466A8719AE070100240026 /* HomeViewController.h */,
				A5466A8819AE070100240026 /* HomeViewController.m */,
				A52A3C5619B4600500985BAB /* Model */,
				A576056619B0ADD60018E9EA /* Custom Form Cells */,
				A5466AA419AE287C00240026 /* Record View Controllers */,
				A536994D19ADD1170045EEB1 /* Main.storyboard */,
				A536995019ADD1170045EEB1 /* Images.xcassets */,
				A536994319ADD1170045EEB1 /* Supporting Files */,
			);
			path = "NHS Prase";
			sourceTree = "<group>";
		};
		A536994319ADD1170045EEB1 /* Supporting Files */ = {
			isa = PBXGroup;
			children = (
				A536994419ADD1170045EEB1 /* Info.plist */,
				A536994519ADD1170045EEB1 /* main.m */,
				A5961E5D19DC2E2E0085AFD9 /* NHS Prase-Info.h */,
			);
			name = "Supporting Files";
			sourceTree = "<group>";
		};
		A536995919ADD1170045EEB1 /* NHS PraseTests */ = {
			isa = PBXGroup;
			children = (
				A536995C19ADD1170045EEB1 /* NHS_PraseTests.m */,
				A536995A19ADD1170045EEB1 /* Supporting Files */,
			);
			path = "NHS PraseTests";
			sourceTree = "<group>";
		};
		A536995A19ADD1170045EEB1 /* Supporting Files */ = {
			isa = PBXGroup;
			children = (
				A536995B19ADD1170045EEB1 /* Info.plist */,
			);
			name = "Supporting Files";
			sourceTree = "<group>";
		};
		A5466AA419AE287C00240026 /* Record View Controllers */ = {
			isa = PBXGroup;
			children = (
				A504417619B5CE920000C9B3 /* PRSegmentTabViewController.h */,
				A504417719B5CE920000C9B3 /* PRSegmentTabViewController.m */,
				A50671C319B0D279008557CE /* PRRecordViewController.h */,
				A50671C419B0D279008557CE /* PRRecordViewController.m */,
				A5466CBD19AE3B0500240026 /* PRBasicDataFormViewController.h */,
				A5466CBE19AE3B0500240026 /* PRBasicDataFormViewController.m */,
				A57B559419CAE55C0069FE65 /* PRRecordSummaryViewController.h */,
				A57B559519CAE55C0069FE65 /* PRRecordSummaryViewController.m */,
				A5B4EBE71AB0978D00247F29 /* PRIncompleteViewController.h */,
				A5B4EBE81AB0978D00247F29 /* PRIncompleteViewController.m */,
				A57B558B19CAE4420069FE65 /* PRFormViewController.h */,
				A57B558C19CAE4420069FE65 /* PRFormViewController.m */,
				A50671C619B0D56C008557CE /* PRQuestionaireViewController.h */,
				A50671C719B0D56C008557CE /* PRQuestionaireViewController.m */,
				A504417B19B5D37B0000C9B3 /* PRCommentsSummaryViewController.h */,
				A504417C19B5D37B0000C9B3 /* PRCommentsSummaryViewController.m */,
				A52A3C8219B4C1BC00985BAB /* PIRT View Controllers */,
				A50671CC19B0DAC0008557CE /* Question View Controllers */,
				A540640219C1FC9800C38EF9 /* PRAnswerOptionsLayout.h */,
				A540640319C1FC9800C38EF9 /* PRAnswerOptionsLayout.m */,
			);
			name = "Record View Controllers";
			sourceTree = "<group>";
		};
		A576056619B0ADD60018E9EA /* Custom Form Cells */ = {
			isa = PBXGroup;
			children = (
				A5EBFED419D1876C0056A44A /* PRMultiTextFieldCell.h */,
				A5EBFED519D1876C0056A44A /* PRMultiTextFieldCell.m */,
				A576056719B0AE150018E9EA /* PRDateSelectCell.h */,
				A576056819B0AE150018E9EA /* PRDateSelectCell.m */,
				A5EBFEC919D17D710056A44A /* PRTimeSelectCell.h */,
				A5EBFECA19D17D710056A44A /* PRTimeSelectCell.m */,
				A57B559719CAE62A0069FE65 /* PRQuestionnaireCompleteCell.h */,
				A57B559819CAE62A0069FE65 /* PRQuestionnaireCompleteCell.m */,
				A544EEC319C899F700160388 /* PRIncrementCell.h */,
				A544EEC419C899F700160388 /* PRIncrementCell.m */,
				A58699AC19CB2E4F002E0C14 /* PRBasicDataCompleteCell.h */,
				A58699AD19CB2E4F002E0C14 /* PRBasicDataCompleteCell.m */,
				A5235E8319D1BE1500AE721A /* PRTextSizeSelectCell.h */,
				A5235E8419D1BE1500AE721A /* PRTextSizeSelectCell.m */,
				A54074401AA073E20039980E /* PRTextFieldCell.h */,
				A54074411AA073E20039980E /* PRTextFieldCell.m */,
			);
			name = "Custom Form Cells";
			sourceTree = "<group>";
		};
		A5BCB3CE19BDE6E600092F50 /* Languages */ = {
			isa = PBXGroup;
			children = (
				A5BCB3CF19BDE6E600092F50 /* Localizable.strings */,
				A5BCB3D119BDE6E600092F50 /* Storyboard.strings */,
			);
			name = Languages;
			path = "NHS Prase/Languages";
			sourceTree = "<group>";
		};
/* End PBXGroup section */

/* Begin PBXNativeTarget section */
		A536993F19ADD1170045EEB1 /* NHS Prase */ = {
			isa = PBXNativeTarget;
			buildConfigurationList = A536996019ADD1170045EEB1 /* Build configuration list for PBXNativeTarget "NHS Prase" */;
			buildPhases = (
				21FE2FC7906247CDAF220432 /* Check Pods Manifest.lock */,
				A502279619C09D31005B31D2 /* ShellScript */,
				A536993C19ADD1170045EEB1 /* Sources */,
				A536993D19ADD1170045EEB1 /* Frameworks */,
				A536993E19ADD1170045EEB1 /* Resources */,
				A561094E19ADEED000488879 /* Embed Frameworks */,
				A5F521F919AF29B600DC6C68 /* CopyFiles */,
				6DD37551D3FD435CB6FCD6DC /* Copy Pods Resources */,
				E7C2EEE51A77E7620047D66A /* ShellScript */,
			);
			buildRules = (
			);
			dependencies = (
			);
			name = "NHS Prase";
			productName = "NHS Prase";
			productReference = A536994019ADD1170045EEB1 /* NHS Prase.app */;
			productType = "com.apple.product-type.application";
		};
		A536995519ADD1170045EEB1 /* NHS PraseTests */ = {
			isa = PBXNativeTarget;
			buildConfigurationList = A536996319ADD1170045EEB1 /* Build configuration list for PBXNativeTarget "NHS PraseTests" */;
			buildPhases = (
				A536995219ADD1170045EEB1 /* Sources */,
				A536995319ADD1170045EEB1 /* Frameworks */,
				A536995419ADD1170045EEB1 /* Resources */,
			);
			buildRules = (
			);
			dependencies = (
				A536995819ADD1170045EEB1 /* PBXTargetDependency */,
			);
			name = "NHS PraseTests";
			productName = "NHS PraseTests";
			productReference = A536995619ADD1170045EEB1 /* NHS PraseTests.xctest */;
			productType = "com.apple.product-type.bundle.unit-test";
		};
/* End PBXNativeTarget section */

/* Begin PBXProject section */
		A536993819ADD1170045EEB1 /* Project object */ = {
			isa = PBXProject;
			attributes = {
				LastUpgradeCheck = 0600;
				ORGANIZATIONNAME = "The Distance";
				TargetAttributes = {
					A536993F19ADD1170045EEB1 = {
						CreatedOnToolsVersion = 6.0;
						DevelopmentTeam = 5M6H43M3LM;
					};
					A536995519ADD1170045EEB1 = {
						CreatedOnToolsVersion = 6.0;
						TestTargetID = A536993F19ADD1170045EEB1;
					};
				};
			};
			buildConfigurationList = A536993B19ADD1170045EEB1 /* Build configuration list for PBXProject "NHS Prase" */;
			compatibilityVersion = "Xcode 3.2";
			developmentRegion = English;
			hasScannedForEncodings = 0;
			knownRegions = (
				Base,
				en,
				fr,
			);
			mainGroup = A536993719ADD1170045EEB1;
			productRefGroup = A536994119ADD1170045EEB1 /* Products */;
			projectDirPath = "";
			projectRoot = "";
			targets = (
				A536993F19ADD1170045EEB1 /* NHS Prase */,
				A536995519ADD1170045EEB1 /* NHS PraseTests */,
			);
		};
/* End PBXProject section */

/* Begin PBXResourcesBuildPhase section */
		A536993E19ADD1170045EEB1 /* Resources */ = {
			isa = PBXResourcesBuildPhase;
			buildActionMask = 2147483647;
			files = (
				A536994F19ADD1170045EEB1 /* Main.storyboard in Resources */,
				A5BCB3D419BDE6E600092F50 /* Localizable.strings in Resources */,
				A536995119ADD1170045EEB1 /* Images.xcassets in Resources */,
				A5BCB3D519BDE6E600092F50 /* Storyboard.strings in Resources */,
			);
			runOnlyForDeploymentPostprocessing = 0;
		};
		A536995419ADD1170045EEB1 /* Resources */ = {
			isa = PBXResourcesBuildPhase;
			buildActionMask = 2147483647;
			files = (
			);
			runOnlyForDeploymentPostprocessing = 0;
		};
/* End PBXResourcesBuildPhase section */

/* Begin PBXShellScriptBuildPhase section */
		21FE2FC7906247CDAF220432 /* Check Pods Manifest.lock */ = {
			isa = PBXShellScriptBuildPhase;
			buildActionMask = 2147483647;
			files = (
			);
			inputPaths = (
			);
			name = "Check Pods Manifest.lock";
			outputPaths = (
			);
			runOnlyForDeploymentPostprocessing = 0;
			shellPath = /bin/sh;
			shellScript = "diff \"${PODS_ROOT}/../Podfile.lock\" \"${PODS_ROOT}/Manifest.lock\" > /dev/null\nif [[ $? != 0 ]] ; then\n    cat << EOM\nerror: The sandbox is not in sync with the Podfile.lock. Run 'pod install' or update your CocoaPods installation.\nEOM\n    exit 1\nfi\n";
			showEnvVarsInLog = 0;
		};
		6DD37551D3FD435CB6FCD6DC /* Copy Pods Resources */ = {
			isa = PBXShellScriptBuildPhase;
			buildActionMask = 2147483647;
			files = (
			);
			inputPaths = (
			);
			name = "Copy Pods Resources";
			outputPaths = (
			);
			runOnlyForDeploymentPostprocessing = 0;
			shellPath = /bin/sh;
			shellScript = "\"${SRCROOT}/Pods/Target Support Files/Pods/Pods-resources.sh\"\n";
			showEnvVarsInLog = 0;
		};
		A502279619C09D31005B31D2 /* ShellScript */ = {
			isa = PBXShellScriptBuildPhase;
			buildActionMask = 2147483647;
			files = (
			);
			inputPaths = (
			);
			outputPaths = (
			);
			runOnlyForDeploymentPostprocessing = 0;
			shellPath = /bin/sh;
			shellScript = "cd NHS\\ Prase/Model/Persistent\\ Model\nmogenerator --template-var arc=true -m PRModel.xcdatamodeld/PRModel_1.0_2.xcdatamodel/ -M Machine/ -H Human/";
		};
		E7C2EEE51A77E7620047D66A /* ShellScript */ = {
			isa = PBXShellScriptBuildPhase;
			buildActionMask = 2147483647;
			files = (
			);
			inputPaths = (
			);
			outputPaths = (
			);
			runOnlyForDeploymentPostprocessing = 0;
			shellPath = /bin/sh;
			shellScript = "./Crashlytics.framework/run 015a3121c76ea8baec90c4a97c7bd1976400adad dc9c94e3c240c0f762b3ba151b9bb3c0ddf4271bf6be439432c002315672794f";
		};
/* End PBXShellScriptBuildPhase section */

/* Begin PBXSourcesBuildPhase section */
		A536993C19ADD1170045EEB1 /* Sources */ = {
			isa = PBXSourcesBuildPhase;
			buildActionMask = 2147483647;
			files = (
				A5D40FD019D2F8FE00CD6FAD /* PRAPIManager.m in Sources */,
				A5882D2B19BA0FE500C04E4F /* PRTheme.m in Sources */,
				A54074421AA073E20039980E /* PRTextFieldCell.m in Sources */,
				A502278E19C09B22005B31D2 /* PRRecord.m in Sources */,
				A5B4EBE91AB0978D00247F29 /* PRIncompleteViewController.m in Sources */,
				A502276E19C0913E005B31D2 /* PRModel.xcdatamodeld in Sources */,
				A5EBFED619D1876C0056A44A /* PRMultiTextFieldCell.m in Sources */,
				A544EEC519C899F700160388 /* PRIncrementCell.m in Sources */,
				A519939A1AB1E30B0056EB16 /* PRTabCell.m in Sources */,
				A58699AE19CB2E4F002E0C14 /* PRBasicDataCompleteCell.m in Sources */,
				A5023E4819CC3A1D0076923A /* PRHospital.m in Sources */,
				A50E31F919D2B705001C5AE6 /* PROptionCollectionViewCell.m in Sources */,
				A518BBBB1AB30F3200D45880 /* _PRUser.m in Sources */,
				A5023E3D19CC2E5A0076923A /* PRGoodWardSelectViewController.m in Sources */,
				A50671C819B0D56C008557CE /* PRQuestionaireViewController.m in Sources */,
				A502278D19C09B22005B31D2 /* PRQuestion.m in Sources */,
				A5F565AA19C338E10080C692 /* PRSelectionViewController.m in Sources */,
				A5C074A719D5A829003446F7 /* PRPMOSQuestion.m in Sources */,
				A5023E4319CC3A130076923A /* _PRTrust.m in Sources */,
				A5EBFEC219D16B940056A44A /* PRAgreementViewController.m in Sources */,
				A502279519C09B22005B31D2 /* _PRWard.m in Sources */,
				A5DE268619B739D9000D3AF2 /* PRPIRTWardSelectViewController.m in Sources */,
				A51A6F8019B6FEDF004BF779 /* PRInputAccessoryView.m in Sources */,
				A5EBFECB19D17D710056A44A /* PRTimeSelectCell.m in Sources */,
				A502279319C09B22005B31D2 /* _PRQuestion.m in Sources */,
				A52A3C8819B4C1F900985BAB /* PRNoteViewController.m in Sources */,
				A504417D19B5D37B0000C9B3 /* PRCommentsSummaryViewController.m in Sources */,
				A58591EB1A9CDB7D008DB220 /* PRScrollButtonView.m in Sources */,
				A536994C19ADD1170045EEB1 /* PRLoginViewController.m in Sources */,
				A52A3C8519B4C1E700985BAB /* PRGoodViewController.m in Sources */,
				A52A3C7019B471E300985BAB /* PRQuestionOptionsViewController.m in Sources */,
				A5C0749D19D5A819003446F7 /* _PRPMOS.m in Sources */,
				A502279119C09B22005B31D2 /* _PRConcern.m in Sources */,
				A5BCB3CB19BDE35700092F50 /* PRViewController.m in Sources */,
				A502279019C09B22005B31D2 /* _PRAnswerOption.m in Sources */,
				A57B559619CAE55C0069FE65 /* PRRecordSummaryViewController.m in Sources */,
				A540640419C1FC9800C38EF9 /* PRAnswerOptionsLayout.m in Sources */,
				A5235E8519D1BE1500AE721A /* PRTextSizeSelectCell.m in Sources */,
				A5466CBF19AE3B0500240026 /* PRBasicDataFormViewController.m in Sources */,
				A5C0749C19D5A819003446F7 /* _PRAnswerSet.m in Sources */,
				A50671CB19B0DABC008557CE /* PRQuestionStatementViewController.m in Sources */,
				A50671C519B0D279008557CE /* PRRecordViewController.m in Sources */,
				A502278B19C09B22005B31D2 /* PRConcern.m in Sources */,
				A502278F19C09B22005B31D2 /* PRWard.m in Sources */,
				A502279219C09B22005B31D2 /* _PRNote.m in Sources */,
				A502278C19C09B22005B31D2 /* PRNote.m in Sources */,
				A502279419C09B22005B31D2 /* _PRRecord.m in Sources */,
				A5866CB319DAF723006EDFB0 /* PRImageView.m in Sources */,
				A5DE267F19B737ED000D3AF2 /* PRWardSelectViewController.m in Sources */,
				A518BBBE1AB30F3D00D45880 /* PRUser.m in Sources */,
				A504416E19B5C2170000C9B3 /* PRPIRTQuestionsViewController.m in Sources */,
				A502278A19C09B22005B31D2 /* PRAnswerOption.m in Sources */,
				A536994919ADD1170045EEB1 /* AppDelegate.m in Sources */,
				A5C0749E19D5A819003446F7 /* _PRPMOSQuestion.m in Sources */,
				A536994619ADD1170045EEB1 /* main.m in Sources */,
				A57B559919CAE62A0069FE65 /* PRQuestionnaireCompleteCell.m in Sources */,
				A576056919B0AE150018E9EA /* PRDateSelectCell.m in Sources */,
				A57B558D19CAE4420069FE65 /* PRFormViewController.m in Sources */,
				A52A3C8B19B4D22000985BAB /* PRPIRTViewController.m in Sources */,
				A5C074A619D5A829003446F7 /* PRPMOS.m in Sources */,
				A5023E4919CC3A1D0076923A /* PRTrust.m in Sources */,
				A5BCB3C219BDBC7100092F50 /* PRSettingsViewController.m in Sources */,
				A50671CF19B0DB40008557CE /* PRQuestionViewController.m in Sources */,
				A58591E81A9CD15F008DB220 /* UIViewController+Scrolling.m in Sources */,
				A504417819B5CE920000C9B3 /* PRSegmentTabViewController.m in Sources */,
				A5023E4219CC3A130076923A /* _PRHospital.m in Sources */,
				A58A8D3D19C6EA1A0052EAB7 /* PRSelectionTableViewCell.m in Sources */,
				A5C074A519D5A829003446F7 /* PRAnswerSet.m in Sources */,
				A5466A8919AE070100240026 /* HomeViewController.m in Sources */,
			);
			runOnlyForDeploymentPostprocessing = 0;
		};
		A536995219ADD1170045EEB1 /* Sources */ = {
			isa = PBXSourcesBuildPhase;
			buildActionMask = 2147483647;
			files = (
				A536995D19ADD1170045EEB1 /* NHS_PraseTests.m in Sources */,
			);
			runOnlyForDeploymentPostprocessing = 0;
		};
/* End PBXSourcesBuildPhase section */

/* Begin PBXTargetDependency section */
		A536995819ADD1170045EEB1 /* PBXTargetDependency */ = {
			isa = PBXTargetDependency;
			target = A536993F19ADD1170045EEB1 /* NHS Prase */;
			targetProxy = A536995719ADD1170045EEB1 /* PBXContainerItemProxy */;
		};
/* End PBXTargetDependency section */

/* Begin PBXVariantGroup section */
		A536994D19ADD1170045EEB1 /* Main.storyboard */ = {
			isa = PBXVariantGroup;
			children = (
				A536994E19ADD1170045EEB1 /* Base */,
			);
			name = Main.storyboard;
			sourceTree = "<group>";
		};
		A5BCB3CF19BDE6E600092F50 /* Localizable.strings */ = {
			isa = PBXVariantGroup;
			children = (
				A5BCB3D019BDE6E600092F50 /* en */,
				A54025CF19BE082000B47050 /* fr */,
			);
			name = Localizable.strings;
			sourceTree = "<group>";
		};
		A5BCB3D119BDE6E600092F50 /* Storyboard.strings */ = {
			isa = PBXVariantGroup;
			children = (
				A5BCB3D219BDE6E600092F50 /* en */,
				A5BCB3D319BDE6E600092F50 /* fr */,
			);
			name = Storyboard.strings;
			sourceTree = "<group>";
		};
/* End PBXVariantGroup section */

/* Begin XCBuildConfiguration section */
		A5109DE61A8CCFF5006731DB /* Beta Testing */ = {
			isa = XCBuildConfiguration;
			buildSettings = {
				ALWAYS_SEARCH_USER_PATHS = NO;
				CLANG_ALLOW_NON_MODULAR_INCLUDES_IN_FRAMEWORK_MODULES = YES;
				CLANG_CXX_LANGUAGE_STANDARD = "gnu++0x";
				CLANG_CXX_LIBRARY = "libc++";
				CLANG_ENABLE_MODULES = YES;
				CLANG_ENABLE_OBJC_ARC = YES;
				CLANG_WARN_BOOL_CONVERSION = YES;
				CLANG_WARN_CONSTANT_CONVERSION = YES;
				CLANG_WARN_DIRECT_OBJC_ISA_USAGE = YES_ERROR;
				CLANG_WARN_EMPTY_BODY = YES;
				CLANG_WARN_ENUM_CONVERSION = YES;
				CLANG_WARN_INT_CONVERSION = YES;
				CLANG_WARN_OBJC_ROOT_CLASS = YES_ERROR;
				CLANG_WARN_UNREACHABLE_CODE = YES;
				CLANG_WARN__DUPLICATE_METHOD_MATCH = YES;
				"CODE_SIGN_IDENTITY[sdk=iphoneos*]" = "iPhone Developer";
				COPY_PHASE_STRIP = YES;
				ENABLE_NS_ASSERTIONS = NO;
				ENABLE_STRICT_OBJC_MSGSEND = YES;
				GCC_C_LANGUAGE_STANDARD = gnu99;
				GCC_WARN_64_TO_32_BIT_CONVERSION = YES;
				GCC_WARN_ABOUT_RETURN_TYPE = YES_ERROR;
				GCC_WARN_UNDECLARED_SELECTOR = YES;
				GCC_WARN_UNINITIALIZED_AUTOS = YES_AGGRESSIVE;
				GCC_WARN_UNUSED_FUNCTION = YES;
				GCC_WARN_UNUSED_VARIABLE = YES;
				IPHONEOS_DEPLOYMENT_TARGET = 8.0;
				MTL_ENABLE_DEBUG_INFO = NO;
				SDKROOT = iphoneos;
				TARGETED_DEVICE_FAMILY = 2;
				VALIDATE_PRODUCT = YES;
			};
			name = "Beta Testing";
		};
		A5109DE71A8CCFF5006731DB /* Beta Testing */ = {
			isa = XCBuildConfiguration;
			baseConfigurationReference = 2CABA1FDD932E8345724AECD /* Pods.release.xcconfig */;
			buildSettings = {
				ASSETCATALOG_COMPILER_APPICON_NAME = AppIcon;
				ASSETCATALOG_COMPILER_LAUNCHIMAGE_NAME = LaunchImage;
				CLANG_ALLOW_NON_MODULAR_INCLUDES_IN_FRAMEWORK_MODULES = YES;
				CODE_SIGN_IDENTITY = "iOS Distribution: Bradford Teaching Hospitals NHS Foundation Trust";
				DEFINES_MODULE = YES;
				EXCLUDED_RECURSIVE_SEARCH_PATH_SUBDIRECTORIES = "*.nib *.lproj *.gch *.xcode* (*) .DS_Store CVS .svn .git .hg *.framework";
				FRAMEWORK_SEARCH_PATHS = (
					"$(inherited)",
					"$(PROJECT_DIR)",
				);
				GCC_PREPROCESSOR_DEFINITIONS = (
					"$(inherited)",
					"COCOAPODS=1",
					"BETA_TESTING=1",
				);
				INFOPLIST_FILE = "NHS Prase/Info.plist";
				INFOPLIST_OTHER_PREPROCESSOR_FLAGS = "-traditional";
				INFOPLIST_PREFIX_HEADER = "NHS Prase/Prase-Info.h";
				INFOPLIST_PREPROCESS = YES;
				IPHONEOS_DEPLOYMENT_TARGET = 8.0;
				LD_RUNPATH_SEARCH_PATHS = "$(inherited) @executable_path/Frameworks";
				LIBRARY_SEARCH_PATHS = "$(inherited)";
				OTHER_LDFLAGS = "$(inherited)";
				PRODUCT_NAME = "$(TARGET_NAME)";
				PROVISIONING_PROFILE = "4d3bb57d-e0dd-4123-9bd0-ef7382083bff";
			};
			name = "Beta Testing";
		};
		A5109DE81A8CCFF5006731DB /* Beta Testing */ = {
			isa = XCBuildConfiguration;
			buildSettings = {
				BUNDLE_LOADER = "$(TEST_HOST)";
				FRAMEWORK_SEARCH_PATHS = (
					"$(SDKROOT)/Developer/Library/Frameworks",
					"$(inherited)",
				);
				INFOPLIST_FILE = "NHS PraseTests/Info.plist";
				LD_RUNPATH_SEARCH_PATHS = "$(inherited) @executable_path/Frameworks @loader_path/Frameworks";
				PRODUCT_NAME = "$(TARGET_NAME)";
				PROVISIONING_PROFILE = "";
				TEST_HOST = "$(BUILT_PRODUCTS_DIR)/NHS Prase.app/NHS Prase";
			};
			name = "Beta Testing";
		};
		A536995E19ADD1170045EEB1 /* Debug */ = {
			isa = XCBuildConfiguration;
			buildSettings = {
				ALWAYS_SEARCH_USER_PATHS = NO;
				CLANG_ALLOW_NON_MODULAR_INCLUDES_IN_FRAMEWORK_MODULES = YES;
				CLANG_CXX_LANGUAGE_STANDARD = "gnu++0x";
				CLANG_CXX_LIBRARY = "libc++";
				CLANG_ENABLE_MODULES = YES;
				CLANG_ENABLE_OBJC_ARC = YES;
				CLANG_WARN_BOOL_CONVERSION = YES;
				CLANG_WARN_CONSTANT_CONVERSION = YES;
				CLANG_WARN_DIRECT_OBJC_ISA_USAGE = YES_ERROR;
				CLANG_WARN_EMPTY_BODY = YES;
				CLANG_WARN_ENUM_CONVERSION = YES;
				CLANG_WARN_INT_CONVERSION = YES;
				CLANG_WARN_OBJC_ROOT_CLASS = YES_ERROR;
				CLANG_WARN_UNREACHABLE_CODE = YES;
				CLANG_WARN__DUPLICATE_METHOD_MATCH = YES;
				"CODE_SIGN_IDENTITY[sdk=iphoneos*]" = "iPhone Developer";
				COPY_PHASE_STRIP = NO;
				ENABLE_STRICT_OBJC_MSGSEND = YES;
				GCC_C_LANGUAGE_STANDARD = gnu99;
				GCC_DYNAMIC_NO_PIC = NO;
				GCC_OPTIMIZATION_LEVEL = 0;
				GCC_PREPROCESSOR_DEFINITIONS = (
					"DEBUG=1",
					"$(inherited)",
				);
				GCC_SYMBOLS_PRIVATE_EXTERN = NO;
				GCC_WARN_64_TO_32_BIT_CONVERSION = YES;
				GCC_WARN_ABOUT_RETURN_TYPE = YES_ERROR;
				GCC_WARN_UNDECLARED_SELECTOR = YES;
				GCC_WARN_UNINITIALIZED_AUTOS = YES_AGGRESSIVE;
				GCC_WARN_UNUSED_FUNCTION = YES;
				GCC_WARN_UNUSED_VARIABLE = YES;
				IPHONEOS_DEPLOYMENT_TARGET = 8.0;
				MTL_ENABLE_DEBUG_INFO = YES;
				ONLY_ACTIVE_ARCH = YES;
				SDKROOT = iphoneos;
				TARGETED_DEVICE_FAMILY = 2;
			};
			name = Debug;
		};
		A536995F19ADD1170045EEB1 /* Release */ = {
			isa = XCBuildConfiguration;
			buildSettings = {
				ALWAYS_SEARCH_USER_PATHS = NO;
				CLANG_ALLOW_NON_MODULAR_INCLUDES_IN_FRAMEWORK_MODULES = YES;
				CLANG_CXX_LANGUAGE_STANDARD = "gnu++0x";
				CLANG_CXX_LIBRARY = "libc++";
				CLANG_ENABLE_MODULES = YES;
				CLANG_ENABLE_OBJC_ARC = YES;
				CLANG_WARN_BOOL_CONVERSION = YES;
				CLANG_WARN_CONSTANT_CONVERSION = YES;
				CLANG_WARN_DIRECT_OBJC_ISA_USAGE = YES_ERROR;
				CLANG_WARN_EMPTY_BODY = YES;
				CLANG_WARN_ENUM_CONVERSION = YES;
				CLANG_WARN_INT_CONVERSION = YES;
				CLANG_WARN_OBJC_ROOT_CLASS = YES_ERROR;
				CLANG_WARN_UNREACHABLE_CODE = YES;
				CLANG_WARN__DUPLICATE_METHOD_MATCH = YES;
				"CODE_SIGN_IDENTITY[sdk=iphoneos*]" = "iPhone Developer";
				COPY_PHASE_STRIP = YES;
				ENABLE_NS_ASSERTIONS = NO;
				ENABLE_STRICT_OBJC_MSGSEND = YES;
				GCC_C_LANGUAGE_STANDARD = gnu99;
				GCC_WARN_64_TO_32_BIT_CONVERSION = YES;
				GCC_WARN_ABOUT_RETURN_TYPE = YES_ERROR;
				GCC_WARN_UNDECLARED_SELECTOR = YES;
				GCC_WARN_UNINITIALIZED_AUTOS = YES_AGGRESSIVE;
				GCC_WARN_UNUSED_FUNCTION = YES;
				GCC_WARN_UNUSED_VARIABLE = YES;
				IPHONEOS_DEPLOYMENT_TARGET = 8.0;
				MTL_ENABLE_DEBUG_INFO = NO;
				SDKROOT = iphoneos;
				TARGETED_DEVICE_FAMILY = 2;
				VALIDATE_PRODUCT = YES;
			};
			name = Release;
		};
		A536996119ADD1170045EEB1 /* Debug */ = {
			isa = XCBuildConfiguration;
			baseConfigurationReference = 31B25AA318CE66FBADA049EC /* Pods.debug.xcconfig */;
			buildSettings = {
				ASSETCATALOG_COMPILER_APPICON_NAME = AppIcon;
				ASSETCATALOG_COMPILER_LAUNCHIMAGE_NAME = LaunchImage;
				CLANG_ALLOW_NON_MODULAR_INCLUDES_IN_FRAMEWORK_MODULES = YES;
				CODE_SIGN_IDENTITY = "iPhone Developer: Anthony Main (6D22PCH782)";
				DEFINES_MODULE = YES;
				FRAMEWORK_SEARCH_PATHS = (
					"$(inherited)",
					"$(PROJECT_DIR)",
				);
				INFOPLIST_FILE = "NHS Prase/Info.plist";
				INFOPLIST_OTHER_PREPROCESSOR_FLAGS = "-traditional";
				INFOPLIST_PREFIX_HEADER = "NHS Prase/Prase-Info.h";
				INFOPLIST_PREPROCESS = YES;
				IPHONEOS_DEPLOYMENT_TARGET = 8.0;
				LD_RUNPATH_SEARCH_PATHS = "$(inherited) @executable_path/Frameworks";
				LIBRARY_SEARCH_PATHS = "$(inherited)";
				OTHER_LDFLAGS = "$(inherited)";
				PRODUCT_NAME = "$(TARGET_NAME)";
				PROVISIONING_PROFILE = "498d95de-a378-4045-9abb-faa14d329613";
			};
			name = Debug;
		};
		A536996219ADD1170045EEB1 /* Release */ = {
			isa = XCBuildConfiguration;
			baseConfigurationReference = 2CABA1FDD932E8345724AECD /* Pods.release.xcconfig */;
			buildSettings = {
				ASSETCATALOG_COMPILER_APPICON_NAME = AppIcon;
				ASSETCATALOG_COMPILER_LAUNCHIMAGE_NAME = LaunchImage;
				CLANG_ALLOW_NON_MODULAR_INCLUDES_IN_FRAMEWORK_MODULES = YES;
				CODE_SIGN_IDENTITY = "iOS Distribution: Bradford Teaching Hospitals NHS Foundation Trust";
				DEFINES_MODULE = YES;
				EXCLUDED_RECURSIVE_SEARCH_PATH_SUBDIRECTORIES = "*.nib *.lproj *.gch *.xcode* (*) .DS_Store CVS .svn .git .hg *.framework";
				FRAMEWORK_SEARCH_PATHS = (
					"$(inherited)",
					"$(PROJECT_DIR)",
				);
				INFOPLIST_FILE = "NHS Prase/Info.plist";
				INFOPLIST_OTHER_PREPROCESSOR_FLAGS = "-traditional";
				INFOPLIST_PREFIX_HEADER = "NHS Prase/Prase-Info.h";
				INFOPLIST_PREPROCESS = YES;
				IPHONEOS_DEPLOYMENT_TARGET = 8.0;
				LD_RUNPATH_SEARCH_PATHS = "$(inherited) @executable_path/Frameworks";
				LIBRARY_SEARCH_PATHS = "$(inherited)";
				OTHER_LDFLAGS = "$(inherited)";
				PRODUCT_NAME = "$(TARGET_NAME)";
				PROVISIONING_PROFILE = "4d3bb57d-e0dd-4123-9bd0-ef7382083bff";
			};
			name = Release;
		};
		A536996419ADD1170045EEB1 /* Debug */ = {
			isa = XCBuildConfiguration;
			buildSettings = {
				BUNDLE_LOADER = "$(TEST_HOST)";
				FRAMEWORK_SEARCH_PATHS = (
					"$(SDKROOT)/Developer/Library/Frameworks",
					"$(inherited)",
				);
				GCC_PREPROCESSOR_DEFINITIONS = (
					"DEBUG=1",
					"$(inherited)",
				);
				INFOPLIST_FILE = "NHS PraseTests/Info.plist";
				LD_RUNPATH_SEARCH_PATHS = "$(inherited) @executable_path/Frameworks @loader_path/Frameworks";
				PRODUCT_NAME = "$(TARGET_NAME)";
				PROVISIONING_PROFILE = "";
				TEST_HOST = "$(BUILT_PRODUCTS_DIR)/NHS Prase.app/NHS Prase";
			};
			name = Debug;
		};
		A536996519ADD1170045EEB1 /* Release */ = {
			isa = XCBuildConfiguration;
			buildSettings = {
				BUNDLE_LOADER = "$(TEST_HOST)";
				FRAMEWORK_SEARCH_PATHS = (
					"$(SDKROOT)/Developer/Library/Frameworks",
					"$(inherited)",
				);
				INFOPLIST_FILE = "NHS PraseTests/Info.plist";
				LD_RUNPATH_SEARCH_PATHS = "$(inherited) @executable_path/Frameworks @loader_path/Frameworks";
				PRODUCT_NAME = "$(TARGET_NAME)";
				PROVISIONING_PROFILE = "";
				TEST_HOST = "$(BUILT_PRODUCTS_DIR)/NHS Prase.app/NHS Prase";
			};
			name = Release;
		};
/* End XCBuildConfiguration section */

/* Begin XCConfigurationList section */
		A536993B19ADD1170045EEB1 /* Build configuration list for PBXProject "NHS Prase" */ = {
			isa = XCConfigurationList;
			buildConfigurations = (
				A536995E19ADD1170045EEB1 /* Debug */,
				A536995F19ADD1170045EEB1 /* Release */,
				A5109DE61A8CCFF5006731DB /* Beta Testing */,
			);
			defaultConfigurationIsVisible = 0;
			defaultConfigurationName = Release;
		};
		A536996019ADD1170045EEB1 /* Build configuration list for PBXNativeTarget "NHS Prase" */ = {
			isa = XCConfigurationList;
			buildConfigurations = (
				A536996119ADD1170045EEB1 /* Debug */,
				A536996219ADD1170045EEB1 /* Release */,
				A5109DE71A8CCFF5006731DB /* Beta Testing */,
			);
			defaultConfigurationIsVisible = 0;
			defaultConfigurationName = Release;
		};
		A536996319ADD1170045EEB1 /* Build configuration list for PBXNativeTarget "NHS PraseTests" */ = {
			isa = XCConfigurationList;
			buildConfigurations = (
				A536996419ADD1170045EEB1 /* Debug */,
				A536996519ADD1170045EEB1 /* Release */,
				A5109DE81A8CCFF5006731DB /* Beta Testing */,
			);
			defaultConfigurationIsVisible = 0;
			defaultConfigurationName = Release;
		};
/* End XCConfigurationList section */

/* Begin XCVersionGroup section */
		A502276C19C0913E005B31D2 /* PRModel.xcdatamodeld */ = {
			isa = XCVersionGroup;
			children = (
				A5B4EBEA1AB09F5300247F29 /* PRModel_1.0.xcdatamodel */,
				A518BBB81AB30B3E00D45880 /* PRModel_1.0_2.xcdatamodel */,
				A502276D19C0913E005B31D2 /* PRModel.xcdatamodel */,
			);
			currentVersion = A518BBB81AB30B3E00D45880 /* PRModel_1.0_2.xcdatamodel */;
			name = PRModel.xcdatamodeld;
			path = "Model/Persistent Model/PRModel.xcdatamodeld";
			sourceTree = "<group>";
			versionGroupType = wrapper.xcdatamodel;
		};
/* End XCVersionGroup section */
	};
	rootObject = A536993819ADD1170045EEB1 /* Project object */;
}
